// !$*UTF8*$!
{
	archiveVersion = 1;
	classes = {
	};
	objectVersion = 46;
	objects = {

/* Begin PBXBuildFile section */
		80AD388F1AD8D53600B79460 /* AppDelegate.swift in Sources */ = {isa = PBXBuildFile; fileRef = 80AD388E1AD8D53600B79460 /* AppDelegate.swift */; };
		80AD38921AD8D53700B79460 /* ____01.xcdatamodeld in Sources */ = {isa = PBXBuildFile; fileRef = 80AD38901AD8D53700B79460 /* ____01.xcdatamodeld */; };
		80AD38941AD8D53700B79460 /* ViewController.swift in Sources */ = {isa = PBXBuildFile; fileRef = 80AD38931AD8D53700B79460 /* ViewController.swift */; };
		80AD38971AD8D53700B79460 /* Main.storyboard in Resources */ = {isa = PBXBuildFile; fileRef = 80AD38951AD8D53700B79460 /* Main.storyboard */; };
		80AD38991AD8D53700B79460 /* Images.xcassets in Resources */ = {isa = PBXBuildFile; fileRef = 80AD38981AD8D53700B79460 /* Images.xcassets */; };
		80AD389C1AD8D53700B79460 /* LaunchScreen.xib in Resources */ = {isa = PBXBuildFile; fileRef = 80AD389A1AD8D53700B79460 /* LaunchScreen.xib */; };
		80AD38A81AD8D53700B79460 /* ____01Tests.swift in Sources */ = {isa = PBXBuildFile; fileRef = 80AD38A71AD8D53700B79460 /* ____01Tests.swift */; };
/* End PBXBuildFile section */

/* Begin PBXContainerItemProxy section */
		80AD38A21AD8D53700B79460 /* PBXContainerItemProxy */ = {
			isa = PBXContainerItemProxy;
			containerPortal = 80AD38811AD8D53600B79460 /* Project object */;
			proxyType = 1;
			remoteGlobalIDString = 80AD38881AD8D53600B79460;
			remoteInfo = "浮现视图01";
		};
/* End PBXContainerItemProxy section */

/* Begin PBXFileReference section */
		80AD38891AD8D53600B79460 /* 浮现视图01.app */ = {isa = PBXFileReference; explicitFileType = wrapper.application; includeInIndex = 0; path = "浮现视图01.app"; sourceTree = BUILT_PRODUCTS_DIR; };
		80AD388D1AD8D53600B79460 /* Info.plist */ = {isa = PBXFileReference; lastKnownFileType = text.plist.xml; path = Info.plist; sourceTree = "<group>"; };
		80AD388E1AD8D53600B79460 /* AppDelegate.swift */ = {isa = PBXFileReference; lastKnownFileType = sourcecode.swift; path = AppDelegate.swift; sourceTree = "<group>"; };
		80AD38911AD8D53700B79460 /* ____01.xcdatamodel */ = {isa = PBXFileReference; lastKnownFileType = wrapper.xcdatamodel; path = "____01.xcdatamodel"; sourceTree = "<group>"; };
		80AD38931AD8D53700B79460 /* ViewController.swift */ = {isa = PBXFileReference; lastKnownFileType = sourcecode.swift; path = ViewController.swift; sourceTree = "<group>"; };
		80AD38961AD8D53700B79460 /* Base */ = {isa = PBXFileReference; lastKnownFileType = file.storyboard; name = Base; path = Base.lproj/Main.storyboard; sourceTree = "<group>"; };
		80AD38981AD8D53700B79460 /* Images.xcassets */ = {isa = PBXFileReference; lastKnownFileType = folder.assetcatalog; path = Images.xcassets; sourceTree = "<group>"; };
		80AD389B1AD8D53700B79460 /* Base */ = {isa = PBXFileReference; lastKnownFileType = file.xib; name = Base; path = Base.lproj/LaunchScreen.xib; sourceTree = "<group>"; };
		80AD38A11AD8D53700B79460 /* 浮现视图01Tests.xctest */ = {isa = PBXFileReference; explicitFileType = wrapper.cfbundle; includeInIndex = 0; path = "浮现视图01Tests.xctest"; sourceTree = BUILT_PRODUCTS_DIR; };
		80AD38A61AD8D53700B79460 /* Info.plist */ = {isa = PBXFileReference; lastKnownFileType = text.plist.xml; path = Info.plist; sourceTree = "<group>"; };
		80AD38A71AD8D53700B79460 /* ____01Tests.swift */ = {isa = PBXFileReference; lastKnownFileType = sourcecode.swift; path = "____01Tests.swift"; sourceTree = "<group>"; };
/* End PBXFileReference section */

/* Begin PBXFrameworksBuildPhase section */
		80AD38861AD8D53600B79460 /* Frameworks */ = {
			isa = PBXFrameworksBuildPhase;
			buildActionMask = 2147483647;
			files = (
			);
			runOnlyForDeploymentPostprocessing = 0;
		};
		80AD389E1AD8D53700B79460 /* Frameworks */ = {
			isa = PBXFrameworksBuildPhase;
			buildActionMask = 2147483647;
			files = (
			);
			runOnlyForDeploymentPostprocessing = 0;
		};
/* End PBXFrameworksBuildPhase section */

/* Begin PBXGroup section */
		80AD38801AD8D53600B79460 = {
			isa = PBXGroup;
			children = (
				80AD388B1AD8D53600B79460 /* 浮现视图01 */,
				80AD38A41AD8D53700B79460 /* 浮现视图01Tests */,
				80AD388A1AD8D53600B79460 /* Products */,
			);
			sourceTree = "<group>";
		};
		80AD388A1AD8D53600B79460 /* Products */ = {
			isa = PBXGroup;
			children = (
				80AD38891AD8D53600B79460 /* 浮现视图01.app */,
				80AD38A11AD8D53700B79460 /* 浮现视图01Tests.xctest */,
			);
			name = Products;
			sourceTree = "<group>";
		};
		80AD388B1AD8D53600B79460 /* 浮现视图01 */ = {
			isa = PBXGroup;
			children = (
				80AD388E1AD8D53600B79460 /* AppDelegate.swift */,
				80AD38931AD8D53700B79460 /* ViewController.swift */,
				80AD38951AD8D53700B79460 /* Main.storyboard */,
				80AD38981AD8D53700B79460 /* Images.xcassets */,
				80AD389A1AD8D53700B79460 /* LaunchScreen.xib */,
				80AD38901AD8D53700B79460 /* ____01.xcdatamodeld */,
				80AD388C1AD8D53600B79460 /* Supporting Files */,
			);
			path = "浮现视图01";
			sourceTree = "<group>";
		};
		80AD388C1AD8D53600B79460 /* Supporting Files */ = {
			isa = PBXGroup;
			children = (
				80AD388D1AD8D53600B79460 /* Info.plist */,
			);
			name = "Supporting Files";
			sourceTree = "<group>";
		};
		80AD38A41AD8D53700B79460 /* 浮现视图01Tests */ = {
			isa = PBXGroup;
			children = (
				80AD38A71AD8D53700B79460 /* ____01Tests.swift */,
				80AD38A51AD8D53700B79460 /* Supporting Files */,
			);
			path = "浮现视图01Tests";
			sourceTree = "<group>";
		};
		80AD38A51AD8D53700B79460 /* Supporting Files */ = {
			isa = PBXGroup;
			children = (
				80AD38A61AD8D53700B79460 /* Info.plist */,
			);
			name = "Supporting Files";
			sourceTree = "<group>";
		};
/* End PBXGroup section */

/* Begin PBXNativeTarget section */
		80AD38881AD8D53600B79460 /* 浮现视图01 */ = {
			isa = PBXNativeTarget;
			buildConfigurationList = 80AD38AB1AD8D53700B79460 /* Build configuration list for PBXNativeTarget "浮现视图01" */;
			buildPhases = (
				80AD38851AD8D53600B79460 /* Sources */,
				80AD38861AD8D53600B79460 /* Frameworks */,
				80AD38871AD8D53600B79460 /* Resources */,
			);
			buildRules = (
			);
			dependencies = (
			);
			name = "浮现视图01";
			productName = "浮现视图01";
			productReference = 80AD38891AD8D53600B79460 /* 浮现视图01.app */;
			productType = "com.apple.product-type.application";
		};
		80AD38A01AD8D53700B79460 /* 浮现视图01Tests */ = {
			isa = PBXNativeTarget;
			buildConfigurationList = 80AD38AE1AD8D53700B79460 /* Build configuration list for PBXNativeTarget "浮现视图01Tests" */;
			buildPhases = (
				80AD389D1AD8D53700B79460 /* Sources */,
				80AD389E1AD8D53700B79460 /* Frameworks */,
				80AD389F1AD8D53700B79460 /* Resources */,
			);
			buildRules = (
			);
			dependencies = (
				80AD38A31AD8D53700B79460 /* PBXTargetDependency */,
			);
			name = "浮现视图01Tests";
			productName = "浮现视图01Tests";
			productReference = 80AD38A11AD8D53700B79460 /* 浮现视图01Tests.xctest */;
			productType = "com.apple.product-type.bundle.unit-test";
		};
/* End PBXNativeTarget section */

/* Begin PBXProject section */
		80AD38811AD8D53600B79460 /* Project object */ = {
			isa = PBXProject;
			attributes = {
				LastUpgradeCheck = 0630;
				ORGANIZATIONNAME = goofygao;
				TargetAttributes = {
					80AD38881AD8D53600B79460 = {
						CreatedOnToolsVersion = 6.3;
					};
					80AD38A01AD8D53700B79460 = {
						CreatedOnToolsVersion = 6.3;
						TestTargetID = 80AD38881AD8D53600B79460;
					};
				};
			};
			buildConfigurationList = 80AD38841AD8D53600B79460 /* Build configuration list for PBXProject "浮现视图01" */;
			compatibilityVersion = "Xcode 3.2";
			developmentRegion = English;
			hasScannedForEncodings = 0;
			knownRegions = (
				en,
				Base,
			);
			mainGroup = 80AD38801AD8D53600B79460;
			productRefGroup = 80AD388A1AD8D53600B79460 /* Products */;
			projectDirPath = "";
			projectRoot = "";
			targets = (
				80AD38881AD8D53600B79460 /* 浮现视图01 */,
				80AD38A01AD8D53700B79460 /* 浮现视图01Tests */,
			);
		};
/* End PBXProject section */

/* Begin PBXResourcesBuildPhase section */
		80AD38871AD8D53600B79460 /* Resources */ = {
			isa = PBXResourcesBuildPhase;
			buildActionMask = 2147483647;
			files = (
				80AD38971AD8D53700B79460 /* Main.storyboard in Resources */,
				80AD389C1AD8D53700B79460 /* LaunchScreen.xib in Resources */,
				80AD38991AD8D53700B79460 /* Images.xcassets in Resources */,
			);
			runOnlyForDeploymentPostprocessing = 0;
		};
		80AD389F1AD8D53700B79460 /* Resources */ = {
			isa = PBXResourcesBuildPhase;
			buildActionMask = 2147483647;
			files = (
			);
			runOnlyForDeploymentPostprocessing = 0;
		};
/* End PBXResourcesBuildPhase section */

/* Begin PBXSourcesBuildPhase section */
		80AD38851AD8D53600B79460 /* Sources */ = {
			isa = PBXSourcesBuildPhase;
			buildActionMask = 2147483647;
			files = (
				80AD38941AD8D53700B79460 /* ViewController.swift in Sources */,
				80AD38921AD8D53700B79460 /* ____01.xcdatamodeld in Sources */,
				80AD388F1AD8D53600B79460 /* AppDelegate.swift in Sources */,
			);
			runOnlyForDeploymentPostprocessing = 0;
		};
		80AD389D1AD8D53700B79460 /* Sources */ = {
			isa = PBXSourcesBuildPhase;
			buildActionMask = 2147483647;
			files = (
				80AD38A81AD8D53700B79460 /* ____01Tests.swift in Sources */,
			);
			runOnlyForDeploymentPostprocessing = 0;
		};
/* End PBXSourcesBuildPhase section */

/* Begin PBXTargetDependency section */
		80AD38A31AD8D53700B79460 /* PBXTargetDependency */ = {
			isa = PBXTargetDependency;
			target = 80AD38881AD8D53600B79460 /* 浮现视图01 */;
			targetProxy = 80AD38A21AD8D53700B79460 /* PBXContainerItemProxy */;
		};
/* End PBXTargetDependency section */

/* Begin PBXVariantGroup section */
		80AD38951AD8D53700B79460 /* Main.storyboard */ = {
			isa = PBXVariantGroup;
			children = (
				80AD38961AD8D53700B79460 /* Base */,
			);
			name = Main.storyboard;
			sourceTree = "<group>";
		};
		80AD389A1AD8D53700B79460 /* LaunchScreen.xib */ = {
			isa = PBXVariantGroup;
			children = (
				80AD389B1AD8D53700B79460 /* Base */,
			);
			name = LaunchScreen.xib;
			sourceTree = "<group>";
		};
/* End PBXVariantGroup section */

/* Begin XCBuildConfiguration section */
		80AD38A91AD8D53700B79460 /* Debug */ = {
			isa = XCBuildConfiguration;
			buildSettings = {
				ALWAYS_SEARCH_USER_PATHS = NO;
				CLANG_CXX_LANGUAGE_STANDARD = "gnu++0x";
				CLANG_CXX_LIBRARY = "libc++";
				CLANG_ENABLE_MODULES = YES;
				CLANG_ENABLE_OBJC_ARC = YES;
				CLANG_WARN_BOOL_CONVERSION = YES;
				CLANG_WARN_CONSTANT_CONVERSION = YES;
				CLANG_WARN_DIRECT_OBJC_ISA_USAGE = YES_ERROR;
				CLANG_WARN_EMPTY_BODY = YES;
				CLANG_WARN_ENUM_CONVERSION = YES;
				CLANG_WARN_INT_CONVERSION = YES;
				CLANG_WARN_OBJC_ROOT_CLASS = YES_ERROR;
				CLANG_WARN_UNREACHABLE_CODE = YES;
				CLANG_WARN__DUPLICATE_METHOD_MATCH = YES;
				"CODE_SIGN_IDENTITY[sdk=iphoneos*]" = "iPhone Developer";
				COPY_PHASE_STRIP = NO;
				DEBUG_INFORMATION_FORMAT = "dwarf-with-dsym";
				ENABLE_STRICT_OBJC_MSGSEND = YES;
				GCC_C_LANGUAGE_STANDARD = gnu99;
				GCC_DYNAMIC_NO_PIC = NO;
				GCC_NO_COMMON_BLOCKS = YES;
				GCC_OPTIMIZATION_LEVEL = 0;
				GCC_PREPROCESSOR_DEFINITIONS = (
					"DEBUG=1",
					"$(inherited)",
				);
				GCC_SYMBOLS_PRIVATE_EXTERN = NO;
				GCC_WARN_64_TO_32_BIT_CONVERSION = YES;
				GCC_WARN_ABOUT_RETURN_TYPE = YES_ERROR;
				GCC_WARN_UNDECLARED_SELECTOR = YES;
				GCC_WARN_UNINITIALIZED_AUTOS = YES_AGGRESSIVE;
				GCC_WARN_UNUSED_FUNCTION = YES;
				GCC_WARN_UNUSED_VARIABLE = YES;
				IPHONEOS_DEPLOYMENT_TARGET = 8.3;
				MTL_ENABLE_DEBUG_INFO = YES;
				ONLY_ACTIVE_ARCH = YES;
				SDKROOT = iphoneos;
				SWIFT_OPTIMIZATION_LEVEL = "-Onone";
			};
			name = Debug;
		};
		80AD38AA1AD8D53700B79460 /* Release */ = {
			isa = XCBuildConfiguration;
			buildSettings = {
				ALWAYS_SEARCH_USER_PATHS = NO;
				CLANG_CXX_LANGUAGE_STANDARD = "gnu++0x";
				CLANG_CXX_LIBRARY = "libc++";
				CLANG_ENABLE_MODULES = YES;
				CLANG_ENABLE_OBJC_ARC = YES;
				CLANG_WARN_BOOL_CONVERSION = YES;
				CLANG_WARN_CONSTANT_CONVERSION = YES;
				CLANG_WARN_DIRECT_OBJC_ISA_USAGE = YES_ERROR;
				CLANG_WARN_EMPTY_BODY = YES;
				CLANG_WARN_ENUM_CONVERSION = YES;
				CLANG_WARN_INT_CONVERSION = YES;
				CLANG_WARN_OBJC_ROOT_CLASS = YES_ERROR;
				CLANG_WARN_UNREACHABLE_CODE = YES;
				CLANG_WARN__DUPLICATE_METHOD_MATCH = YES;
				"CODE_SIGN_IDENTITY[sdk=iphoneos*]" = "iPhone Developer";
				COPY_PHASE_STRIP = NO;
				DEBUG_INFORMATION_FORMAT = "dwarf-with-dsym";
				ENABLE_NS_ASSERTIONS = NO;
				ENABLE_STRICT_OBJC_MSGSEND = YES;
				GCC_C_LANGUAGE_STANDARD = gnu99;
				GCC_NO_COMMON_BLOCKS = YES;
				GCC_WARN_64_TO_32_BIT_CONVERSION = YES;
				GCC_WARN_ABOUT_RETURN_TYPE = YES_ERROR;
				GCC_WARN_UNDECLARED_SELECTOR = YES;
				GCC_WARN_UNINITIALIZED_AUTOS = YES_AGGRESSIVE;
				GCC_WARN_UNUSED_FUNCTION = YES;
				GCC_WARN_UNUSED_VARIABLE = YES;
				IPHONEOS_DEPLOYMENT_TARGET = 8.3;
				MTL_ENABLE_DEBUG_INFO = NO;
				SDKROOT = iphoneos;
				VALIDATE_PRODUCT = YES;
			};
			name = Release;
		};
		80AD38AC1AD8D53700B79460 /* Debug */ = {
			isa = XCBuildConfiguration;
			buildSettings = {
				ASSETCATALOG_COMPILER_APPICON_NAME = AppIcon;
				INFOPLIST_FILE = "浮现视图01/Info.plist";
				LD_RUNPATH_SEARCH_PATHS = "$(inherited) @executable_path/Frameworks";
				PRODUCT_NAME = "$(TARGET_NAME)";
			};
			name = Debug;
		};
		80AD38AD1AD8D53700B79460 /* Release */ = {
			isa = XCBuildConfiguration;
			buildSettings = {
				ASSETCATALOG_COMPILER_APPICON_NAME = AppIcon;
				INFOPLIST_FILE = "浮现视图01/Info.plist";
				LD_RUNPATH_SEARCH_PATHS = "$(inherited) @executable_path/Frameworks";
				PRODUCT_NAME = "$(TARGET_NAME)";
			};
			name = Release;
		};
		80AD38AF1AD8D53700B79460 /* Debug */ = {
			isa = XCBuildConfiguration;
			buildSettings = {
				BUNDLE_LOADER = "$(TEST_HOST)";
				FRAMEWORK_SEARCH_PATHS = (
					"$(SDKROOT)/Developer/Library/Frameworks",
					"$(inherited)",
				);
				GCC_PREPROCESSOR_DEFINITIONS = (
					"DEBUG=1",
					"$(inherited)",
				);
				INFOPLIST_FILE = "浮现视图01Tests/Info.plist";
				LD_RUNPATH_SEARCH_PATHS = "$(inherited) @executable_path/Frameworks @loader_path/Frameworks";
				PRODUCT_NAME = "$(TARGET_NAME)";
				TEST_HOST = "$(BUILT_PRODUCTS_DIR)/浮现视图01.app/浮现视图01";
			};
			name = Debug;
		};
		80AD38B01AD8D53700B79460 /* Release */ = {
			isa = XCBuildConfiguration;
			buildSettings = {
				BUNDLE_LOADER = "$(TEST_HOST)";
				FRAMEWORK_SEARCH_PATHS = (
					"$(SDKROOT)/Developer/Library/Frameworks",
					"$(inherited)",
				);
				INFOPLIST_FILE = "浮现视图01Tests/Info.plist";
				LD_RUNPATH_SEARCH_PATHS = "$(inherited) @executable_path/Frameworks @loader_path/Frameworks";
				PRODUCT_NAME = "$(TARGET_NAME)";
				TEST_HOST = "$(BUILT_PRODUCTS_DIR)/浮现视图01.app/浮现视图01";
			};
			name = Release;
		};
/* End XCBuildConfiguration section */

/* Begin XCConfigurationList section */
		80AD38841AD8D53600B79460 /* Build configuration list for PBXProject "浮现视图01" */ = {
			isa = XCConfigurationList;
			buildConfigurations = (
				80AD38A91AD8D53700B79460 /* Debug */,
				80AD38AA1AD8D53700B79460 /* Release */,
			);
			defaultConfigurationIsVisible = 0;
			defaultConfigurationName = Release;
		};
		80AD38AB1AD8D53700B79460 /* Build configuration list for PBXNativeTarget "浮现视图01" */ = {
			isa = XCConfigurationList;
			buildConfigurations = (
				80AD38AC1AD8D53700B79460 /* Debug */,
				80AD38AD1AD8D53700B79460 /* Release */,
			);
			defaultConfigurationIsVisible = 0;
		};
		80AD38AE1AD8D53700B79460 /* Build configuration list for PBXNativeTarget "浮现视图01Tests" */ = {
			isa = XCConfigurationList;
			buildConfigurations = (
				80AD38AF1AD8D53700B79460 /* Debug */,
				80AD38B01AD8D53700B79460 /* Release */,
			);
			defaultConfigurationIsVisible = 0;
		};
/* End XCConfigurationList section */

/* Begin XCVersionGroup section */
		80AD38901AD8D53700B79460 /* ____01.xcdatamodeld */ = {
			isa = XCVersionGroup;
			children = (
				80AD38911AD8D53700B79460 /* ____01.xcdatamodel */,
			);
			currentVersion = 80AD38911AD8D53700B79460 /* ____01.xcdatamodel */;
			path = "____01.xcdatamodeld";
			sourceTree = "<group>";
			versionGroupType = wrapper.xcdatamodel;
		};
/* End XCVersionGroup section */
	};
	rootObject = 80AD38811AD8D53600B79460 /* Project object */;
}
