// !$*UTF8*$!
{
	archiveVersion = 1;
	classes = {
	};
	objectVersion = 46;
	objects = {

/* Begin PBXBuildFile section */
		80F17D591AA713D2003615F0 /* AppDelegate.swift in Sources */ = {isa = PBXBuildFile; fileRef = 80F17D581AA713D2003615F0 /* AppDelegate.swift */; };
		80F17D5C1AA713D2003615F0 /* musicPlay.xcdatamodeld in Sources */ = {isa = PBXBuildFile; fileRef = 80F17D5A1AA713D2003615F0 /* musicPlay.xcdatamodeld */; };
		80F17D5E1AA713D2003615F0 /* ViewController.swift in Sources */ = {isa = PBXBuildFile; fileRef = 80F17D5D1AA713D2003615F0 /* ViewController.swift */; };
		80F17D611AA713D2003615F0 /* Main.storyboard in Resources */ = {isa = PBXBuildFile; fileRef = 80F17D5F1AA713D2003615F0 /* Main.storyboard */; };
		80F17D631AA713D2003615F0 /* Images.xcassets in Resources */ = {isa = PBXBuildFile; fileRef = 80F17D621AA713D2003615F0 /* Images.xcassets */; };
		80F17D661AA713D2003615F0 /* LaunchScreen.xib in Resources */ = {isa = PBXBuildFile; fileRef = 80F17D641AA713D2003615F0 /* LaunchScreen.xib */; };
		80F17D721AA713D3003615F0 /* musicPlayTests.swift in Sources */ = {isa = PBXBuildFile; fileRef = 80F17D711AA713D3003615F0 /* musicPlayTests.swift */; };
/* End PBXBuildFile section */

/* Begin PBXContainerItemProxy section */
		80F17D6C1AA713D2003615F0 /* PBXContainerItemProxy */ = {
			isa = PBXContainerItemProxy;
			containerPortal = 80F17D4B1AA713D2003615F0 /* Project object */;
			proxyType = 1;
			remoteGlobalIDString = 80F17D521AA713D2003615F0;
			remoteInfo = musicPlay;
		};
/* End PBXContainerItemProxy section */

/* Begin PBXFileReference section */
		80F17D531AA713D2003615F0 /* musicPlay.app */ = {isa = PBXFileReference; explicitFileType = wrapper.application; includeInIndex = 0; path = musicPlay.app; sourceTree = BUILT_PRODUCTS_DIR; };
		80F17D571AA713D2003615F0 /* Info.plist */ = {isa = PBXFileReference; lastKnownFileType = text.plist.xml; path = Info.plist; sourceTree = "<group>"; };
		80F17D581AA713D2003615F0 /* AppDelegate.swift */ = {isa = PBXFileReference; lastKnownFileType = sourcecode.swift; path = AppDelegate.swift; sourceTree = "<group>"; };
		80F17D5B1AA713D2003615F0 /* musicPlay.xcdatamodel */ = {isa = PBXFileReference; lastKnownFileType = wrapper.xcdatamodel; path = musicPlay.xcdatamodel; sourceTree = "<group>"; };
		80F17D5D1AA713D2003615F0 /* ViewController.swift */ = {isa = PBXFileReference; lastKnownFileType = sourcecode.swift; path = ViewController.swift; sourceTree = "<group>"; };
		80F17D601AA713D2003615F0 /* Base */ = {isa = PBXFileReference; lastKnownFileType = file.storyboard; name = Base; path = Base.lproj/Main.storyboard; sourceTree = "<group>"; };
		80F17D621AA713D2003615F0 /* Images.xcassets */ = {isa = PBXFileReference; lastKnownFileType = folder.assetcatalog; path = Images.xcassets; sourceTree = "<group>"; };
		80F17D651AA713D2003615F0 /* Base */ = {isa = PBXFileReference; lastKnownFileType = file.xib; name = Base; path = Base.lproj/LaunchScreen.xib; sourceTree = "<group>"; };
		80F17D6B1AA713D2003615F0 /* musicPlayTests.xctest */ = {isa = PBXFileReference; explicitFileType = wrapper.cfbundle; includeInIndex = 0; path = musicPlayTests.xctest; sourceTree = BUILT_PRODUCTS_DIR; };
		80F17D701AA713D2003615F0 /* Info.plist */ = {isa = PBXFileReference; lastKnownFileType = text.plist.xml; path = Info.plist; sourceTree = "<group>"; };
		80F17D711AA713D3003615F0 /* musicPlayTests.swift */ = {isa = PBXFileReference; lastKnownFileType = sourcecode.swift; path = musicPlayTests.swift; sourceTree = "<group>"; };
/* End PBXFileReference section */

/* Begin PBXFrameworksBuildPhase section */
		80F17D501AA713D2003615F0 /* Frameworks */ = {
			isa = PBXFrameworksBuildPhase;
			buildActionMask = 2147483647;
			files = (
			);
			runOnlyForDeploymentPostprocessing = 0;
		};
		80F17D681AA713D2003615F0 /* Frameworks */ = {
			isa = PBXFrameworksBuildPhase;
			buildActionMask = 2147483647;
			files = (
			);
			runOnlyForDeploymentPostprocessing = 0;
		};
/* End PBXFrameworksBuildPhase section */

/* Begin PBXGroup section */
		80F17D4A1AA713D2003615F0 = {
			isa = PBXGroup;
			children = (
				80F17D551AA713D2003615F0 /* musicPlay */,
				80F17D6E1AA713D2003615F0 /* musicPlayTests */,
				80F17D541AA713D2003615F0 /* Products */,
			);
			sourceTree = "<group>";
		};
		80F17D541AA713D2003615F0 /* Products */ = {
			isa = PBXGroup;
			children = (
				80F17D531AA713D2003615F0 /* musicPlay.app */,
				80F17D6B1AA713D2003615F0 /* musicPlayTests.xctest */,
			);
			name = Products;
			sourceTree = "<group>";
		};
		80F17D551AA713D2003615F0 /* musicPlay */ = {
			isa = PBXGroup;
			children = (
				80F17D581AA713D2003615F0 /* AppDelegate.swift */,
				80F17D5D1AA713D2003615F0 /* ViewController.swift */,
				80F17D5F1AA713D2003615F0 /* Main.storyboard */,
				80F17D621AA713D2003615F0 /* Images.xcassets */,
				80F17D641AA713D2003615F0 /* LaunchScreen.xib */,
				80F17D5A1AA713D2003615F0 /* musicPlay.xcdatamodeld */,
				80F17D561AA713D2003615F0 /* Supporting Files */,
			);
			path = musicPlay;
			sourceTree = "<group>";
		};
		80F17D561AA713D2003615F0 /* Supporting Files */ = {
			isa = PBXGroup;
			children = (
				80F17D571AA713D2003615F0 /* Info.plist */,
			);
			name = "Supporting Files";
			sourceTree = "<group>";
		};
		80F17D6E1AA713D2003615F0 /* musicPlayTests */ = {
			isa = PBXGroup;
			children = (
				80F17D711AA713D3003615F0 /* musicPlayTests.swift */,
				80F17D6F1AA713D2003615F0 /* Supporting Files */,
			);
			path = musicPlayTests;
			sourceTree = "<group>";
		};
		80F17D6F1AA713D2003615F0 /* Supporting Files */ = {
			isa = PBXGroup;
			children = (
				80F17D701AA713D2003615F0 /* Info.plist */,
			);
			name = "Supporting Files";
			sourceTree = "<group>";
		};
/* End PBXGroup section */

/* Begin PBXNativeTarget section */
		80F17D521AA713D2003615F0 /* musicPlay */ = {
			isa = PBXNativeTarget;
			buildConfigurationList = 80F17D751AA713D3003615F0 /* Build configuration list for PBXNativeTarget "musicPlay" */;
			buildPhases = (
				80F17D4F1AA713D2003615F0 /* Sources */,
				80F17D501AA713D2003615F0 /* Frameworks */,
				80F17D511AA713D2003615F0 /* Resources */,
			);
			buildRules = (
			);
			dependencies = (
			);
			name = musicPlay;
			productName = musicPlay;
			productReference = 80F17D531AA713D2003615F0 /* musicPlay.app */;
			productType = "com.apple.product-type.application";
		};
		80F17D6A1AA713D2003615F0 /* musicPlayTests */ = {
			isa = PBXNativeTarget;
			buildConfigurationList = 80F17D781AA713D3003615F0 /* Build configuration list for PBXNativeTarget "musicPlayTests" */;
			buildPhases = (
				80F17D671AA713D2003615F0 /* Sources */,
				80F17D681AA713D2003615F0 /* Frameworks */,
				80F17D691AA713D2003615F0 /* Resources */,
			);
			buildRules = (
			);
			dependencies = (
				80F17D6D1AA713D2003615F0 /* PBXTargetDependency */,
			);
			name = musicPlayTests;
			productName = musicPlayTests;
			productReference = 80F17D6B1AA713D2003615F0 /* musicPlayTests.xctest */;
			productType = "com.apple.product-type.bundle.unit-test";
		};
/* End PBXNativeTarget section */

/* Begin PBXProject section */
		80F17D4B1AA713D2003615F0 /* Project object */ = {
			isa = PBXProject;
			attributes = {
				LastUpgradeCheck = 0630;
				ORGANIZATIONNAME = goofygao;
				TargetAttributes = {
					80F17D521AA713D2003615F0 = {
						CreatedOnToolsVersion = 6.3;
					};
					80F17D6A1AA713D2003615F0 = {
						CreatedOnToolsVersion = 6.3;
						TestTargetID = 80F17D521AA713D2003615F0;
					};
				};
			};
			buildConfigurationList = 80F17D4E1AA713D2003615F0 /* Build configuration list for PBXProject "musicPlay" */;
			compatibilityVersion = "Xcode 3.2";
			developmentRegion = English;
			hasScannedForEncodings = 0;
			knownRegions = (
				en,
				Base,
			);
			mainGroup = 80F17D4A1AA713D2003615F0;
			productRefGroup = 80F17D541AA713D2003615F0 /* Products */;
			projectDirPath = "";
			projectRoot = "";
			targets = (
				80F17D521AA713D2003615F0 /* musicPlay */,
				80F17D6A1AA713D2003615F0 /* musicPlayTests */,
			);
		};
/* End PBXProject section */

/* Begin PBXResourcesBuildPhase section */
		80F17D511AA713D2003615F0 /* Resources */ = {
			isa = PBXResourcesBuildPhase;
			buildActionMask = 2147483647;
			files = (
				80F17D611AA713D2003615F0 /* Main.storyboard in Resources */,
				80F17D661AA713D2003615F0 /* LaunchScreen.xib in Resources */,
				80F17D631AA713D2003615F0 /* Images.xcassets in Resources */,
			);
			runOnlyForDeploymentPostprocessing = 0;
		};
		80F17D691AA713D2003615F0 /* Resources */ = {
			isa = PBXResourcesBuildPhase;
			buildActionMask = 2147483647;
			files = (
			);
			runOnlyForDeploymentPostprocessing = 0;
		};
/* End PBXResourcesBuildPhase section */

/* Begin PBXSourcesBuildPhase section */
		80F17D4F1AA713D2003615F0 /* Sources */ = {
			isa = PBXSourcesBuildPhase;
			buildActionMask = 2147483647;
			files = (
				80F17D5E1AA713D2003615F0 /* ViewController.swift in Sources */,
				80F17D591AA713D2003615F0 /* AppDelegate.swift in Sources */,
				80F17D5C1AA713D2003615F0 /* musicPlay.xcdatamodeld in Sources */,
			);
			runOnlyForDeploymentPostprocessing = 0;
		};
		80F17D671AA713D2003615F0 /* Sources */ = {
			isa = PBXSourcesBuildPhase;
			buildActionMask = 2147483647;
			files = (
				80F17D721AA713D3003615F0 /* musicPlayTests.swift in Sources */,
			);
			runOnlyForDeploymentPostprocessing = 0;
		};
/* End PBXSourcesBuildPhase section */

/* Begin PBXTargetDependency section */
		80F17D6D1AA713D2003615F0 /* PBXTargetDependency */ = {
			isa = PBXTargetDependency;
			target = 80F17D521AA713D2003615F0 /* musicPlay */;
			targetProxy = 80F17D6C1AA713D2003615F0 /* PBXContainerItemProxy */;
		};
/* End PBXTargetDependency section */

/* Begin PBXVariantGroup section */
		80F17D5F1AA713D2003615F0 /* Main.storyboard */ = {
			isa = PBXVariantGroup;
			children = (
				80F17D601AA713D2003615F0 /* Base */,
			);
			name = Main.storyboard;
			sourceTree = "<group>";
		};
		80F17D641AA713D2003615F0 /* LaunchScreen.xib */ = {
			isa = PBXVariantGroup;
			children = (
				80F17D651AA713D2003615F0 /* Base */,
			);
			name = LaunchScreen.xib;
			sourceTree = "<group>";
		};
/* End PBXVariantGroup section */

/* Begin XCBuildConfiguration section */
		80F17D731AA713D3003615F0 /* Debug */ = {
			isa = XCBuildConfiguration;
			buildSettings = {
				ALWAYS_SEARCH_USER_PATHS = NO;
				CLANG_CXX_LANGUAGE_STANDARD = "gnu++0x";
				CLANG_CXX_LIBRARY = "libc++";
				CLANG_ENABLE_MODULES = YES;
				CLANG_ENABLE_OBJC_ARC = YES;
				CLANG_WARN_BOOL_CONVERSION = YES;
				CLANG_WARN_CONSTANT_CONVERSION = YES;
				CLANG_WARN_DIRECT_OBJC_ISA_USAGE = YES_ERROR;
				CLANG_WARN_EMPTY_BODY = YES;
				CLANG_WARN_ENUM_CONVERSION = YES;
				CLANG_WARN_INT_CONVERSION = YES;
				CLANG_WARN_OBJC_ROOT_CLASS = YES_ERROR;
				CLANG_WARN_UNREACHABLE_CODE = YES;
				CLANG_WARN__DUPLICATE_METHOD_MATCH = YES;
				"CODE_SIGN_IDENTITY[sdk=iphoneos*]" = "iPhone Developer";
				COPY_PHASE_STRIP = NO;
				DEBUG_INFORMATION_FORMAT = dwarf;
				ENABLE_STRICT_OBJC_MSGSEND = YES;
				GCC_C_LANGUAGE_STANDARD = gnu99;
				GCC_DYNAMIC_NO_PIC = NO;
				GCC_NO_COMMON_BLOCKS = YES;
				GCC_OPTIMIZATION_LEVEL = 0;
				GCC_PREPROCESSOR_DEFINITIONS = (
					"DEBUG=1",
					"$(inherited)",
				);
				GCC_SYMBOLS_PRIVATE_EXTERN = NO;
				GCC_WARN_64_TO_32_BIT_CONVERSION = YES;
				GCC_WARN_ABOUT_RETURN_TYPE = YES_ERROR;
				GCC_WARN_UNDECLARED_SELECTOR = YES;
				GCC_WARN_UNINITIALIZED_AUTOS = YES_AGGRESSIVE;
				GCC_WARN_UNUSED_FUNCTION = YES;
				GCC_WARN_UNUSED_VARIABLE = YES;
				IPHONEOS_DEPLOYMENT_TARGET = 8.3;
				MTL_ENABLE_DEBUG_INFO = YES;
				ONLY_ACTIVE_ARCH = YES;
				SDKROOT = iphoneos;
				SWIFT_OPTIMIZATION_LEVEL = "-Onone";
				TARGETED_DEVICE_FAMILY = "1,2";
			};
			name = Debug;
		};
		80F17D741AA713D3003615F0 /* Release */ = {
			isa = XCBuildConfiguration;
			buildSettings = {
				ALWAYS_SEARCH_USER_PATHS = NO;
				CLANG_CXX_LANGUAGE_STANDARD = "gnu++0x";
				CLANG_CXX_LIBRARY = "libc++";
				CLANG_ENABLE_MODULES = YES;
				CLANG_ENABLE_OBJC_ARC = YES;
				CLANG_WARN_BOOL_CONVERSION = YES;
				CLANG_WARN_CONSTANT_CONVERSION = YES;
				CLANG_WARN_DIRECT_OBJC_ISA_USAGE = YES_ERROR;
				CLANG_WARN_EMPTY_BODY = YES;
				CLANG_WARN_ENUM_CONVERSION = YES;
				CLANG_WARN_INT_CONVERSION = YES;
				CLANG_WARN_OBJC_ROOT_CLASS = YES_ERROR;
				CLANG_WARN_UNREACHABLE_CODE = YES;
				CLANG_WARN__DUPLICATE_METHOD_MATCH = YES;
				"CODE_SIGN_IDENTITY[sdk=iphoneos*]" = "iPhone Developer";
				COPY_PHASE_STRIP = NO;
				DEBUG_INFORMATION_FORMAT = "dwarf-with-dsym";
				ENABLE_NS_ASSERTIONS = NO;
				ENABLE_STRICT_OBJC_MSGSEND = YES;
				GCC_C_LANGUAGE_STANDARD = gnu99;
				GCC_NO_COMMON_BLOCKS = YES;
				GCC_WARN_64_TO_32_BIT_CONVERSION = YES;
				GCC_WARN_ABOUT_RETURN_TYPE = YES_ERROR;
				GCC_WARN_UNDECLARED_SELECTOR = YES;
				GCC_WARN_UNINITIALIZED_AUTOS = YES_AGGRESSIVE;
				GCC_WARN_UNUSED_FUNCTION = YES;
				GCC_WARN_UNUSED_VARIABLE = YES;
				IPHONEOS_DEPLOYMENT_TARGET = 8.3;
				MTL_ENABLE_DEBUG_INFO = NO;
				SDKROOT = iphoneos;
				TARGETED_DEVICE_FAMILY = "1,2";
				VALIDATE_PRODUCT = YES;
			};
			name = Release;
		};
		80F17D761AA713D3003615F0 /* Debug */ = {
			isa = XCBuildConfiguration;
			buildSettings = {
				ASSETCATALOG_COMPILER_APPICON_NAME = AppIcon;
				INFOPLIST_FILE = musicPlay/Info.plist;
				LD_RUNPATH_SEARCH_PATHS = "$(inherited) @executable_path/Frameworks";
				PRODUCT_NAME = "$(TARGET_NAME)";
			};
			name = Debug;
		};
		80F17D771AA713D3003615F0 /* Release */ = {
			isa = XCBuildConfiguration;
			buildSettings = {
				ASSETCATALOG_COMPILER_APPICON_NAME = AppIcon;
				INFOPLIST_FILE = musicPlay/Info.plist;
				LD_RUNPATH_SEARCH_PATHS = "$(inherited) @executable_path/Frameworks";
				PRODUCT_NAME = "$(TARGET_NAME)";
			};
			name = Release;
		};
		80F17D791AA713D3003615F0 /* Debug */ = {
			isa = XCBuildConfiguration;
			buildSettings = {
				BUNDLE_LOADER = "$(TEST_HOST)";
				FRAMEWORK_SEARCH_PATHS = (
					"$(SDKROOT)/Developer/Library/Frameworks",
					"$(inherited)",
				);
				GCC_PREPROCESSOR_DEFINITIONS = (
					"DEBUG=1",
					"$(inherited)",
				);
				INFOPLIST_FILE = musicPlayTests/Info.plist;
				LD_RUNPATH_SEARCH_PATHS = "$(inherited) @executable_path/Frameworks @loader_path/Frameworks";
				PRODUCT_NAME = "$(TARGET_NAME)";
				TEST_HOST = "$(BUILT_PRODUCTS_DIR)/musicPlay.app/musicPlay";
			};
			name = Debug;
		};
		80F17D7A1AA713D3003615F0 /* Release */ = {
			isa = XCBuildConfiguration;
			buildSettings = {
				BUNDLE_LOADER = "$(TEST_HOST)";
				FRAMEWORK_SEARCH_PATHS = (
					"$(SDKROOT)/Developer/Library/Frameworks",
					"$(inherited)",
				);
				INFOPLIST_FILE = musicPlayTests/Info.plist;
				LD_RUNPATH_SEARCH_PATHS = "$(inherited) @executable_path/Frameworks @loader_path/Frameworks";
				PRODUCT_NAME = "$(TARGET_NAME)";
				TEST_HOST = "$(BUILT_PRODUCTS_DIR)/musicPlay.app/musicPlay";
			};
			name = Release;
		};
/* End XCBuildConfiguration section */

/* Begin XCConfigurationList section */
		80F17D4E1AA713D2003615F0 /* Build configuration list for PBXProject "musicPlay" */ = {
			isa = XCConfigurationList;
			buildConfigurations = (
				80F17D731AA713D3003615F0 /* Debug */,
				80F17D741AA713D3003615F0 /* Release */,
			);
			defaultConfigurationIsVisible = 0;
			defaultConfigurationName = Release;
		};
		80F17D751AA713D3003615F0 /* Build configuration list for PBXNativeTarget "musicPlay" */ = {
			isa = XCConfigurationList;
			buildConfigurations = (
				80F17D761AA713D3003615F0 /* Debug */,
				80F17D771AA713D3003615F0 /* Release */,
			);
			defaultConfigurationIsVisible = 0;
		};
		80F17D781AA713D3003615F0 /* Build configuration list for PBXNativeTarget "musicPlayTests" */ = {
			isa = XCConfigurationList;
			buildConfigurations = (
				80F17D791AA713D3003615F0 /* Debug */,
				80F17D7A1AA713D3003615F0 /* Release */,
			);
			defaultConfigurationIsVisible = 0;
		};
/* End XCConfigurationList section */

/* Begin XCVersionGroup section */
		80F17D5A1AA713D2003615F0 /* musicPlay.xcdatamodeld */ = {
			isa = XCVersionGroup;
			children = (
				80F17D5B1AA713D2003615F0 /* musicPlay.xcdatamodel */,
			);
			currentVersion = 80F17D5B1AA713D2003615F0 /* musicPlay.xcdatamodel */;
			path = musicPlay.xcdatamodeld;
			sourceTree = "<group>";
			versionGroupType = wrapper.xcdatamodel;
		};
/* End XCVersionGroup section */
	};
	rootObject = 80F17D4B1AA713D2003615F0 /* Project object */;
}
