// !$*UTF8*$!
{
	archiveVersion = 1;
	classes = {
	};
	objectVersion = 46;
	objects = {

/* Begin PBXBuildFile section */
		80F72EFC1B4F93E300BBCDED /* AppDelegate.swift in Sources */ = {isa = PBXBuildFile; fileRef = 80F72EFB1B4F93E300BBCDED /* AppDelegate.swift */; };
		80F72EFE1B4F93E300BBCDED /* ViewController.swift in Sources */ = {isa = PBXBuildFile; fileRef = 80F72EFD1B4F93E300BBCDED /* ViewController.swift */; };
		80F72F011B4F93E300BBCDED /* Main.storyboard in Resources */ = {isa = PBXBuildFile; fileRef = 80F72EFF1B4F93E300BBCDED /* Main.storyboard */; };
		80F72F031B4F93E300BBCDED /* Images.xcassets in Resources */ = {isa = PBXBuildFile; fileRef = 80F72F021B4F93E300BBCDED /* Images.xcassets */; };
		80F72F061B4F93E300BBCDED /* LaunchScreen.xib in Resources */ = {isa = PBXBuildFile; fileRef = 80F72F041B4F93E300BBCDED /* LaunchScreen.xib */; };
		80F72F121B4F93E300BBCDED /* testTests.swift in Sources */ = {isa = PBXBuildFile; fileRef = 80F72F111B4F93E300BBCDED /* testTests.swift */; };
/* End PBXBuildFile section */

/* Begin PBXContainerItemProxy section */
		80F72F0C1B4F93E300BBCDED /* PBXContainerItemProxy */ = {
			isa = PBXContainerItemProxy;
			containerPortal = 80F72EEE1B4F93E200BBCDED /* Project object */;
			proxyType = 1;
			remoteGlobalIDString = 80F72EF51B4F93E200BBCDED;
			remoteInfo = test;
		};
/* End PBXContainerItemProxy section */

/* Begin PBXFileReference section */
		80F72EF61B4F93E200BBCDED /* test.app */ = {isa = PBXFileReference; explicitFileType = wrapper.application; includeInIndex = 0; path = test.app; sourceTree = BUILT_PRODUCTS_DIR; };
		80F72EFA1B4F93E200BBCDED /* Info.plist */ = {isa = PBXFileReference; lastKnownFileType = text.plist.xml; path = Info.plist; sourceTree = "<group>"; };
		80F72EFB1B4F93E300BBCDED /* AppDelegate.swift */ = {isa = PBXFileReference; lastKnownFileType = sourcecode.swift; path = AppDelegate.swift; sourceTree = "<group>"; };
		80F72EFD1B4F93E300BBCDED /* ViewController.swift */ = {isa = PBXFileReference; lastKnownFileType = sourcecode.swift; path = ViewController.swift; sourceTree = "<group>"; };
		80F72F001B4F93E300BBCDED /* Base */ = {isa = PBXFileReference; lastKnownFileType = file.storyboard; name = Base; path = Base.lproj/Main.storyboard; sourceTree = "<group>"; };
		80F72F021B4F93E300BBCDED /* Images.xcassets */ = {isa = PBXFileReference; lastKnownFileType = folder.assetcatalog; path = Images.xcassets; sourceTree = "<group>"; };
		80F72F051B4F93E300BBCDED /* Base */ = {isa = PBXFileReference; lastKnownFileType = file.xib; name = Base; path = Base.lproj/LaunchScreen.xib; sourceTree = "<group>"; };
		80F72F0B1B4F93E300BBCDED /* testTests.xctest */ = {isa = PBXFileReference; explicitFileType = wrapper.cfbundle; includeInIndex = 0; path = testTests.xctest; sourceTree = BUILT_PRODUCTS_DIR; };
		80F72F101B4F93E300BBCDED /* Info.plist */ = {isa = PBXFileReference; lastKnownFileType = text.plist.xml; path = Info.plist; sourceTree = "<group>"; };
		80F72F111B4F93E300BBCDED /* testTests.swift */ = {isa = PBXFileReference; lastKnownFileType = sourcecode.swift; path = testTests.swift; sourceTree = "<group>"; };
/* End PBXFileReference section */

/* Begin PBXFrameworksBuildPhase section */
		80F72EF31B4F93E200BBCDED /* Frameworks */ = {
			isa = PBXFrameworksBuildPhase;
			buildActionMask = 2147483647;
			files = (
			);
			runOnlyForDeploymentPostprocessing = 0;
		};
		80F72F081B4F93E300BBCDED /* Frameworks */ = {
			isa = PBXFrameworksBuildPhase;
			buildActionMask = 2147483647;
			files = (
			);
			runOnlyForDeploymentPostprocessing = 0;
		};
/* End PBXFrameworksBuildPhase section */

/* Begin PBXGroup section */
		80F72EED1B4F93E200BBCDED = {
			isa = PBXGroup;
			children = (
				80F72EF81B4F93E200BBCDED /* test */,
				80F72F0E1B4F93E300BBCDED /* testTests */,
				80F72EF71B4F93E200BBCDED /* Products */,
			);
			sourceTree = "<group>";
		};
		80F72EF71B4F93E200BBCDED /* Products */ = {
			isa = PBXGroup;
			children = (
				80F72EF61B4F93E200BBCDED /* test.app */,
				80F72F0B1B4F93E300BBCDED /* testTests.xctest */,
			);
			name = Products;
			sourceTree = "<group>";
		};
		80F72EF81B4F93E200BBCDED /* test */ = {
			isa = PBXGroup;
			children = (
				80F72EFB1B4F93E300BBCDED /* AppDelegate.swift */,
				80F72EFD1B4F93E300BBCDED /* ViewController.swift */,
				80F72EFF1B4F93E300BBCDED /* Main.storyboard */,
				80F72F021B4F93E300BBCDED /* Images.xcassets */,
				80F72F041B4F93E300BBCDED /* LaunchScreen.xib */,
				80F72EF91B4F93E200BBCDED /* Supporting Files */,
			);
			path = test;
			sourceTree = "<group>";
		};
		80F72EF91B4F93E200BBCDED /* Supporting Files */ = {
			isa = PBXGroup;
			children = (
				80F72EFA1B4F93E200BBCDED /* Info.plist */,
			);
			name = "Supporting Files";
			sourceTree = "<group>";
		};
		80F72F0E1B4F93E300BBCDED /* testTests */ = {
			isa = PBXGroup;
			children = (
				80F72F111B4F93E300BBCDED /* testTests.swift */,
				80F72F0F1B4F93E300BBCDED /* Supporting Files */,
			);
			path = testTests;
			sourceTree = "<group>";
		};
		80F72F0F1B4F93E300BBCDED /* Supporting Files */ = {
			isa = PBXGroup;
			children = (
				80F72F101B4F93E300BBCDED /* Info.plist */,
			);
			name = "Supporting Files";
			sourceTree = "<group>";
		};
/* End PBXGroup section */

/* Begin PBXNativeTarget section */
		80F72EF51B4F93E200BBCDED /* test */ = {
			isa = PBXNativeTarget;
			buildConfigurationList = 80F72F151B4F93E300BBCDED /* Build configuration list for PBXNativeTarget "test" */;
			buildPhases = (
				80F72EF21B4F93E200BBCDED /* Sources */,
				80F72EF31B4F93E200BBCDED /* Frameworks */,
				80F72EF41B4F93E200BBCDED /* Resources */,
			);
			buildRules = (
			);
			dependencies = (
			);
			name = test;
			productName = test;
			productReference = 80F72EF61B4F93E200BBCDED /* test.app */;
			productType = "com.apple.product-type.application";
		};
		80F72F0A1B4F93E300BBCDED /* testTests */ = {
			isa = PBXNativeTarget;
			buildConfigurationList = 80F72F181B4F93E300BBCDED /* Build configuration list for PBXNativeTarget "testTests" */;
			buildPhases = (
				80F72F071B4F93E300BBCDED /* Sources */,
				80F72F081B4F93E300BBCDED /* Frameworks */,
				80F72F091B4F93E300BBCDED /* Resources */,
			);
			buildRules = (
			);
			dependencies = (
				80F72F0D1B4F93E300BBCDED /* PBXTargetDependency */,
			);
			name = testTests;
			productName = testTests;
			productReference = 80F72F0B1B4F93E300BBCDED /* testTests.xctest */;
			productType = "com.apple.product-type.bundle.unit-test";
		};
/* End PBXNativeTarget section */

/* Begin PBXProject section */
		80F72EEE1B4F93E200BBCDED /* Project object */ = {
			isa = PBXProject;
			attributes = {
				LastUpgradeCheck = 0640;
				ORGANIZATIONNAME = goofygao;
				TargetAttributes = {
					80F72EF51B4F93E200BBCDED = {
						CreatedOnToolsVersion = 6.4;
					};
					80F72F0A1B4F93E300BBCDED = {
						CreatedOnToolsVersion = 6.4;
						TestTargetID = 80F72EF51B4F93E200BBCDED;
					};
				};
			};
			buildConfigurationList = 80F72EF11B4F93E200BBCDED /* Build configuration list for PBXProject "test" */;
			compatibilityVersion = "Xcode 3.2";
			developmentRegion = English;
			hasScannedForEncodings = 0;
			knownRegions = (
				en,
				Base,
			);
			mainGroup = 80F72EED1B4F93E200BBCDED;
			productRefGroup = 80F72EF71B4F93E200BBCDED /* Products */;
			projectDirPath = "";
			projectRoot = "";
			targets = (
				80F72EF51B4F93E200BBCDED /* test */,
				80F72F0A1B4F93E300BBCDED /* testTests */,
			);
		};
/* End PBXProject section */

/* Begin PBXResourcesBuildPhase section */
		80F72EF41B4F93E200BBCDED /* Resources */ = {
			isa = PBXResourcesBuildPhase;
			buildActionMask = 2147483647;
			files = (
				80F72F011B4F93E300BBCDED /* Main.storyboard in Resources */,
				80F72F061B4F93E300BBCDED /* LaunchScreen.xib in Resources */,
				80F72F031B4F93E300BBCDED /* Images.xcassets in Resources */,
			);
			runOnlyForDeploymentPostprocessing = 0;
		};
		80F72F091B4F93E300BBCDED /* Resources */ = {
			isa = PBXResourcesBuildPhase;
			buildActionMask = 2147483647;
			files = (
			);
			runOnlyForDeploymentPostprocessing = 0;
		};
/* End PBXResourcesBuildPhase section */

/* Begin PBXSourcesBuildPhase section */
		80F72EF21B4F93E200BBCDED /* Sources */ = {
			isa = PBXSourcesBuildPhase;
			buildActionMask = 2147483647;
			files = (
				80F72EFE1B4F93E300BBCDED /* ViewController.swift in Sources */,
				80F72EFC1B4F93E300BBCDED /* AppDelegate.swift in Sources */,
			);
			runOnlyForDeploymentPostprocessing = 0;
		};
		80F72F071B4F93E300BBCDED /* Sources */ = {
			isa = PBXSourcesBuildPhase;
			buildActionMask = 2147483647;
			files = (
				80F72F121B4F93E300BBCDED /* testTests.swift in Sources */,
			);
			runOnlyForDeploymentPostprocessing = 0;
		};
/* End PBXSourcesBuildPhase section */

/* Begin PBXTargetDependency section */
		80F72F0D1B4F93E300BBCDED /* PBXTargetDependency */ = {
			isa = PBXTargetDependency;
			target = 80F72EF51B4F93E200BBCDED /* test */;
			targetProxy = 80F72F0C1B4F93E300BBCDED /* PBXContainerItemProxy */;
		};
/* End PBXTargetDependency section */

/* Begin PBXVariantGroup section */
		80F72EFF1B4F93E300BBCDED /* Main.storyboard */ = {
			isa = PBXVariantGroup;
			children = (
				80F72F001B4F93E300BBCDED /* Base */,
			);
			name = Main.storyboard;
			sourceTree = "<group>";
		};
		80F72F041B4F93E300BBCDED /* LaunchScreen.xib */ = {
			isa = PBXVariantGroup;
			children = (
				80F72F051B4F93E300BBCDED /* Base */,
			);
			name = LaunchScreen.xib;
			sourceTree = "<group>";
		};
/* End PBXVariantGroup section */

/* Begin XCBuildConfiguration section */
		80F72F131B4F93E300BBCDED /* Debug */ = {
			isa = XCBuildConfiguration;
			buildSettings = {
				ALWAYS_SEARCH_USER_PATHS = NO;
				CLANG_CXX_LANGUAGE_STANDARD = "gnu++0x";
				CLANG_CXX_LIBRARY = "libc++";
				CLANG_ENABLE_MODULES = YES;
				CLANG_ENABLE_OBJC_ARC = YES;
				CLANG_WARN_BOOL_CONVERSION = YES;
				CLANG_WARN_CONSTANT_CONVERSION = YES;
				CLANG_WARN_DIRECT_OBJC_ISA_USAGE = YES_ERROR;
				CLANG_WARN_EMPTY_BODY = YES;
				CLANG_WARN_ENUM_CONVERSION = YES;
				CLANG_WARN_INT_CONVERSION = YES;
				CLANG_WARN_OBJC_ROOT_CLASS = YES_ERROR;
				CLANG_WARN_UNREACHABLE_CODE = YES;
				CLANG_WARN__DUPLICATE_METHOD_MATCH = YES;
				"CODE_SIGN_IDENTITY[sdk=iphoneos*]" = "iPhone Developer";
				COPY_PHASE_STRIP = NO;
				DEBUG_INFORMATION_FORMAT = "dwarf-with-dsym";
				ENABLE_STRICT_OBJC_MSGSEND = YES;
				GCC_C_LANGUAGE_STANDARD = gnu99;
				GCC_DYNAMIC_NO_PIC = NO;
				GCC_NO_COMMON_BLOCKS = YES;
				GCC_OPTIMIZATION_LEVEL = 0;
				GCC_PREPROCESSOR_DEFINITIONS = (
					"DEBUG=1",
					"$(inherited)",
				);
				GCC_SYMBOLS_PRIVATE_EXTERN = NO;
				GCC_WARN_64_TO_32_BIT_CONVERSION = YES;
				GCC_WARN_ABOUT_RETURN_TYPE = YES_ERROR;
				GCC_WARN_UNDECLARED_SELECTOR = YES;
				GCC_WARN_UNINITIALIZED_AUTOS = YES_AGGRESSIVE;
				GCC_WARN_UNUSED_FUNCTION = YES;
				GCC_WARN_UNUSED_VARIABLE = YES;
				IPHONEOS_DEPLOYMENT_TARGET = 8.4;
				MTL_ENABLE_DEBUG_INFO = YES;
				ONLY_ACTIVE_ARCH = YES;
				SDKROOT = iphoneos;
				SWIFT_OPTIMIZATION_LEVEL = "-Onone";
			};
			name = Debug;
		};
		80F72F141B4F93E300BBCDED /* Release */ = {
			isa = XCBuildConfiguration;
			buildSettings = {
				ALWAYS_SEARCH_USER_PATHS = NO;
				CLANG_CXX_LANGUAGE_STANDARD = "gnu++0x";
				CLANG_CXX_LIBRARY = "libc++";
				CLANG_ENABLE_MODULES = YES;
				CLANG_ENABLE_OBJC_ARC = YES;
				CLANG_WARN_BOOL_CONVERSION = YES;
				CLANG_WARN_CONSTANT_CONVERSION = YES;
				CLANG_WARN_DIRECT_OBJC_ISA_USAGE = YES_ERROR;
				CLANG_WARN_EMPTY_BODY = YES;
				CLANG_WARN_ENUM_CONVERSION = YES;
				CLANG_WARN_INT_CONVERSION = YES;
				CLANG_WARN_OBJC_ROOT_CLASS = YES_ERROR;
				CLANG_WARN_UNREACHABLE_CODE = YES;
				CLANG_WARN__DUPLICATE_METHOD_MATCH = YES;
				"CODE_SIGN_IDENTITY[sdk=iphoneos*]" = "iPhone Developer";
				COPY_PHASE_STRIP = NO;
				DEBUG_INFORMATION_FORMAT = "dwarf-with-dsym";
				ENABLE_NS_ASSERTIONS = NO;
				ENABLE_STRICT_OBJC_MSGSEND = YES;
				GCC_C_LANGUAGE_STANDARD = gnu99;
				GCC_NO_COMMON_BLOCKS = YES;
				GCC_WARN_64_TO_32_BIT_CONVERSION = YES;
				GCC_WARN_ABOUT_RETURN_TYPE = YES_ERROR;
				GCC_WARN_UNDECLARED_SELECTOR = YES;
				GCC_WARN_UNINITIALIZED_AUTOS = YES_AGGRESSIVE;
				GCC_WARN_UNUSED_FUNCTION = YES;
				GCC_WARN_UNUSED_VARIABLE = YES;
				IPHONEOS_DEPLOYMENT_TARGET = 8.4;
				MTL_ENABLE_DEBUG_INFO = NO;
				SDKROOT = iphoneos;
				VALIDATE_PRODUCT = YES;
			};
			name = Release;
		};
		80F72F161B4F93E300BBCDED /* Debug */ = {
			isa = XCBuildConfiguration;
			buildSettings = {
				ASSETCATALOG_COMPILER_APPICON_NAME = AppIcon;
				INFOPLIST_FILE = test/Info.plist;
				LD_RUNPATH_SEARCH_PATHS = "$(inherited) @executable_path/Frameworks";
				PRODUCT_NAME = "$(TARGET_NAME)";
			};
			name = Debug;
		};
		80F72F171B4F93E300BBCDED /* Release */ = {
			isa = XCBuildConfiguration;
			buildSettings = {
				ASSETCATALOG_COMPILER_APPICON_NAME = AppIcon;
				INFOPLIST_FILE = test/Info.plist;
				LD_RUNPATH_SEARCH_PATHS = "$(inherited) @executable_path/Frameworks";
				PRODUCT_NAME = "$(TARGET_NAME)";
			};
			name = Release;
		};
		80F72F191B4F93E300BBCDED /* Debug */ = {
			isa = XCBuildConfiguration;
			buildSettings = {
				BUNDLE_LOADER = "$(TEST_HOST)";
				FRAMEWORK_SEARCH_PATHS = (
					"$(SDKROOT)/Developer/Library/Frameworks",
					"$(inherited)",
				);
				GCC_PREPROCESSOR_DEFINITIONS = (
					"DEBUG=1",
					"$(inherited)",
				);
				INFOPLIST_FILE = testTests/Info.plist;
				LD_RUNPATH_SEARCH_PATHS = "$(inherited) @executable_path/Frameworks @loader_path/Frameworks";
				PRODUCT_NAME = "$(TARGET_NAME)";
				TEST_HOST = "$(BUILT_PRODUCTS_DIR)/test.app/test";
			};
			name = Debug;
		};
		80F72F1A1B4F93E300BBCDED /* Release */ = {
			isa = XCBuildConfiguration;
			buildSettings = {
				BUNDLE_LOADER = "$(TEST_HOST)";
				FRAMEWORK_SEARCH_PATHS = (
					"$(SDKROOT)/Developer/Library/Frameworks",
					"$(inherited)",
				);
				INFOPLIST_FILE = testTests/Info.plist;
				LD_RUNPATH_SEARCH_PATHS = "$(inherited) @executable_path/Frameworks @loader_path/Frameworks";
				PRODUCT_NAME = "$(TARGET_NAME)";
				TEST_HOST = "$(BUILT_PRODUCTS_DIR)/test.app/test";
			};
			name = Release;
		};
/* End XCBuildConfiguration section */

/* Begin XCConfigurationList section */
		80F72EF11B4F93E200BBCDED /* Build configuration list for PBXProject "test" */ = {
			isa = XCConfigurationList;
			buildConfigurations = (
				80F72F131B4F93E300BBCDED /* Debug */,
				80F72F141B4F93E300BBCDED /* Release */,
			);
			defaultConfigurationIsVisible = 0;
			defaultConfigurationName = Release;
		};
		80F72F151B4F93E300BBCDED /* Build configuration list for PBXNativeTarget "test" */ = {
			isa = XCConfigurationList;
			buildConfigurations = (
				80F72F161B4F93E300BBCDED /* Debug */,
				80F72F171B4F93E300BBCDED /* Release */,
			);
			defaultConfigurationIsVisible = 0;
		};
		80F72F181B4F93E300BBCDED /* Build configuration list for PBXNativeTarget "testTests" */ = {
			isa = XCConfigurationList;
			buildConfigurations = (
				80F72F191B4F93E300BBCDED /* Debug */,
				80F72F1A1B4F93E300BBCDED /* Release */,
			);
			defaultConfigurationIsVisible = 0;
		};
/* End XCConfigurationList section */
	};
	rootObject = 80F72EEE1B4F93E200BBCDED /* Project object */;
}
