// !$*UTF8*$!
{
	archiveVersion = 1;
	classes = {
	};
	objectVersion = 46;
	objects = {

/* Begin PBXBuildFile section */
		801FCFEF1AABDF9A0097C354 /* AppDelegate.swift in Sources */ = {isa = PBXBuildFile; fileRef = 801FCFEE1AABDF9A0097C354 /* AppDelegate.swift */; };
		801FCFF21AABDF9A0097C354 /* ____2.xcdatamodeld in Sources */ = {isa = PBXBuildFile; fileRef = 801FCFF01AABDF9A0097C354 /* ____2.xcdatamodeld */; };
		801FCFF41AABDF9A0097C354 /* ViewController.swift in Sources */ = {isa = PBXBuildFile; fileRef = 801FCFF31AABDF9A0097C354 /* ViewController.swift */; };
		801FCFF71AABDF9A0097C354 /* Main.storyboard in Resources */ = {isa = PBXBuildFile; fileRef = 801FCFF51AABDF9A0097C354 /* Main.storyboard */; };
		801FCFF91AABDF9A0097C354 /* Images.xcassets in Resources */ = {isa = PBXBuildFile; fileRef = 801FCFF81AABDF9A0097C354 /* Images.xcassets */; };
		801FCFFC1AABDF9A0097C354 /* LaunchScreen.xib in Resources */ = {isa = PBXBuildFile; fileRef = 801FCFFA1AABDF9A0097C354 /* LaunchScreen.xib */; };
		801FD0081AABDF9B0097C354 /* ____2Tests.swift in Sources */ = {isa = PBXBuildFile; fileRef = 801FD0071AABDF9B0097C354 /* ____2Tests.swift */; };
/* End PBXBuildFile section */

/* Begin PBXContainerItemProxy section */
		801FD0021AABDF9A0097C354 /* PBXContainerItemProxy */ = {
			isa = PBXContainerItemProxy;
			containerPortal = 801FCFE11AABDF9A0097C354 /* Project object */;
			proxyType = 1;
			remoteGlobalIDString = 801FCFE81AABDF9A0097C354;
			remoteInfo = "图标创建2";
		};
/* End PBXContainerItemProxy section */

/* Begin PBXFileReference section */
		801FCFE91AABDF9A0097C354 /* 图标创建2.app */ = {isa = PBXFileReference; explicitFileType = wrapper.application; includeInIndex = 0; path = "图标创建2.app"; sourceTree = BUILT_PRODUCTS_DIR; };
		801FCFED1AABDF9A0097C354 /* Info.plist */ = {isa = PBXFileReference; lastKnownFileType = text.plist.xml; path = Info.plist; sourceTree = "<group>"; };
		801FCFEE1AABDF9A0097C354 /* AppDelegate.swift */ = {isa = PBXFileReference; lastKnownFileType = sourcecode.swift; path = AppDelegate.swift; sourceTree = "<group>"; };
		801FCFF11AABDF9A0097C354 /* ____2.xcdatamodel */ = {isa = PBXFileReference; lastKnownFileType = wrapper.xcdatamodel; path = "____2.xcdatamodel"; sourceTree = "<group>"; };
		801FCFF31AABDF9A0097C354 /* ViewController.swift */ = {isa = PBXFileReference; lastKnownFileType = sourcecode.swift; path = ViewController.swift; sourceTree = "<group>"; };
		801FCFF61AABDF9A0097C354 /* Base */ = {isa = PBXFileReference; lastKnownFileType = file.storyboard; name = Base; path = Base.lproj/Main.storyboard; sourceTree = "<group>"; };
		801FCFF81AABDF9A0097C354 /* Images.xcassets */ = {isa = PBXFileReference; lastKnownFileType = folder.assetcatalog; path = Images.xcassets; sourceTree = "<group>"; };
		801FCFFB1AABDF9A0097C354 /* Base */ = {isa = PBXFileReference; lastKnownFileType = file.xib; name = Base; path = Base.lproj/LaunchScreen.xib; sourceTree = "<group>"; };
		801FD0011AABDF9A0097C354 /* 图标创建2Tests.xctest */ = {isa = PBXFileReference; explicitFileType = wrapper.cfbundle; includeInIndex = 0; path = "图标创建2Tests.xctest"; sourceTree = BUILT_PRODUCTS_DIR; };
		801FD0061AABDF9B0097C354 /* Info.plist */ = {isa = PBXFileReference; lastKnownFileType = text.plist.xml; path = Info.plist; sourceTree = "<group>"; };
		801FD0071AABDF9B0097C354 /* ____2Tests.swift */ = {isa = PBXFileReference; lastKnownFileType = sourcecode.swift; path = "____2Tests.swift"; sourceTree = "<group>"; };
/* End PBXFileReference section */

/* Begin PBXFrameworksBuildPhase section */
		801FCFE61AABDF9A0097C354 /* Frameworks */ = {
			isa = PBXFrameworksBuildPhase;
			buildActionMask = 2147483647;
			files = (
			);
			runOnlyForDeploymentPostprocessing = 0;
		};
		801FCFFE1AABDF9A0097C354 /* Frameworks */ = {
			isa = PBXFrameworksBuildPhase;
			buildActionMask = 2147483647;
			files = (
			);
			runOnlyForDeploymentPostprocessing = 0;
		};
/* End PBXFrameworksBuildPhase section */

/* Begin PBXGroup section */
		801FCFE01AABDF9A0097C354 = {
			isa = PBXGroup;
			children = (
				801FCFEB1AABDF9A0097C354 /* 图标创建2 */,
				801FD0041AABDF9B0097C354 /* 图标创建2Tests */,
				801FCFEA1AABDF9A0097C354 /* Products */,
			);
			sourceTree = "<group>";
		};
		801FCFEA1AABDF9A0097C354 /* Products */ = {
			isa = PBXGroup;
			children = (
				801FCFE91AABDF9A0097C354 /* 图标创建2.app */,
				801FD0011AABDF9A0097C354 /* 图标创建2Tests.xctest */,
			);
			name = Products;
			sourceTree = "<group>";
		};
		801FCFEB1AABDF9A0097C354 /* 图标创建2 */ = {
			isa = PBXGroup;
			children = (
				801FCFEE1AABDF9A0097C354 /* AppDelegate.swift */,
				801FCFF31AABDF9A0097C354 /* ViewController.swift */,
				801FCFF51AABDF9A0097C354 /* Main.storyboard */,
				801FCFF81AABDF9A0097C354 /* Images.xcassets */,
				801FCFFA1AABDF9A0097C354 /* LaunchScreen.xib */,
				801FCFF01AABDF9A0097C354 /* ____2.xcdatamodeld */,
				801FCFEC1AABDF9A0097C354 /* Supporting Files */,
			);
			path = "图标创建2";
			sourceTree = "<group>";
		};
		801FCFEC1AABDF9A0097C354 /* Supporting Files */ = {
			isa = PBXGroup;
			children = (
				801FCFED1AABDF9A0097C354 /* Info.plist */,
			);
			name = "Supporting Files";
			sourceTree = "<group>";
		};
		801FD0041AABDF9B0097C354 /* 图标创建2Tests */ = {
			isa = PBXGroup;
			children = (
				801FD0071AABDF9B0097C354 /* ____2Tests.swift */,
				801FD0051AABDF9B0097C354 /* Supporting Files */,
			);
			path = "图标创建2Tests";
			sourceTree = "<group>";
		};
		801FD0051AABDF9B0097C354 /* Supporting Files */ = {
			isa = PBXGroup;
			children = (
				801FD0061AABDF9B0097C354 /* Info.plist */,
			);
			name = "Supporting Files";
			sourceTree = "<group>";
		};
/* End PBXGroup section */

/* Begin PBXNativeTarget section */
		801FCFE81AABDF9A0097C354 /* 图标创建2 */ = {
			isa = PBXNativeTarget;
			buildConfigurationList = 801FD00B1AABDF9B0097C354 /* Build configuration list for PBXNativeTarget "图标创建2" */;
			buildPhases = (
				801FCFE51AABDF9A0097C354 /* Sources */,
				801FCFE61AABDF9A0097C354 /* Frameworks */,
				801FCFE71AABDF9A0097C354 /* Resources */,
			);
			buildRules = (
			);
			dependencies = (
			);
			name = "图标创建2";
			productName = "图标创建2";
			productReference = 801FCFE91AABDF9A0097C354 /* 图标创建2.app */;
			productType = "com.apple.product-type.application";
		};
		801FD0001AABDF9A0097C354 /* 图标创建2Tests */ = {
			isa = PBXNativeTarget;
			buildConfigurationList = 801FD00E1AABDF9B0097C354 /* Build configuration list for PBXNativeTarget "图标创建2Tests" */;
			buildPhases = (
				801FCFFD1AABDF9A0097C354 /* Sources */,
				801FCFFE1AABDF9A0097C354 /* Frameworks */,
				801FCFFF1AABDF9A0097C354 /* Resources */,
			);
			buildRules = (
			);
			dependencies = (
				801FD0031AABDF9A0097C354 /* PBXTargetDependency */,
			);
			name = "图标创建2Tests";
			productName = "图标创建2Tests";
			productReference = 801FD0011AABDF9A0097C354 /* 图标创建2Tests.xctest */;
			productType = "com.apple.product-type.bundle.unit-test";
		};
/* End PBXNativeTarget section */

/* Begin PBXProject section */
		801FCFE11AABDF9A0097C354 /* Project object */ = {
			isa = PBXProject;
			attributes = {
				LastUpgradeCheck = 0630;
				ORGANIZATIONNAME = goofygao;
				TargetAttributes = {
					801FCFE81AABDF9A0097C354 = {
						CreatedOnToolsVersion = 6.3;
					};
					801FD0001AABDF9A0097C354 = {
						CreatedOnToolsVersion = 6.3;
						TestTargetID = 801FCFE81AABDF9A0097C354;
					};
				};
			};
			buildConfigurationList = 801FCFE41AABDF9A0097C354 /* Build configuration list for PBXProject "图标创建2" */;
			compatibilityVersion = "Xcode 3.2";
			developmentRegion = English;
			hasScannedForEncodings = 0;
			knownRegions = (
				en,
				Base,
			);
			mainGroup = 801FCFE01AABDF9A0097C354;
			productRefGroup = 801FCFEA1AABDF9A0097C354 /* Products */;
			projectDirPath = "";
			projectRoot = "";
			targets = (
				801FCFE81AABDF9A0097C354 /* 图标创建2 */,
				801FD0001AABDF9A0097C354 /* 图标创建2Tests */,
			);
		};
/* End PBXProject section */

/* Begin PBXResourcesBuildPhase section */
		801FCFE71AABDF9A0097C354 /* Resources */ = {
			isa = PBXResourcesBuildPhase;
			buildActionMask = 2147483647;
			files = (
				801FCFF71AABDF9A0097C354 /* Main.storyboard in Resources */,
				801FCFFC1AABDF9A0097C354 /* LaunchScreen.xib in Resources */,
				801FCFF91AABDF9A0097C354 /* Images.xcassets in Resources */,
			);
			runOnlyForDeploymentPostprocessing = 0;
		};
		801FCFFF1AABDF9A0097C354 /* Resources */ = {
			isa = PBXResourcesBuildPhase;
			buildActionMask = 2147483647;
			files = (
			);
			runOnlyForDeploymentPostprocessing = 0;
		};
/* End PBXResourcesBuildPhase section */

/* Begin PBXSourcesBuildPhase section */
		801FCFE51AABDF9A0097C354 /* Sources */ = {
			isa = PBXSourcesBuildPhase;
			buildActionMask = 2147483647;
			files = (
				801FCFF41AABDF9A0097C354 /* ViewController.swift in Sources */,
				801FCFF21AABDF9A0097C354 /* ____2.xcdatamodeld in Sources */,
				801FCFEF1AABDF9A0097C354 /* AppDelegate.swift in Sources */,
			);
			runOnlyForDeploymentPostprocessing = 0;
		};
		801FCFFD1AABDF9A0097C354 /* Sources */ = {
			isa = PBXSourcesBuildPhase;
			buildActionMask = 2147483647;
			files = (
				801FD0081AABDF9B0097C354 /* ____2Tests.swift in Sources */,
			);
			runOnlyForDeploymentPostprocessing = 0;
		};
/* End PBXSourcesBuildPhase section */

/* Begin PBXTargetDependency section */
		801FD0031AABDF9A0097C354 /* PBXTargetDependency */ = {
			isa = PBXTargetDependency;
			target = 801FCFE81AABDF9A0097C354 /* 图标创建2 */;
			targetProxy = 801FD0021AABDF9A0097C354 /* PBXContainerItemProxy */;
		};
/* End PBXTargetDependency section */

/* Begin PBXVariantGroup section */
		801FCFF51AABDF9A0097C354 /* Main.storyboard */ = {
			isa = PBXVariantGroup;
			children = (
				801FCFF61AABDF9A0097C354 /* Base */,
			);
			name = Main.storyboard;
			sourceTree = "<group>";
		};
		801FCFFA1AABDF9A0097C354 /* LaunchScreen.xib */ = {
			isa = PBXVariantGroup;
			children = (
				801FCFFB1AABDF9A0097C354 /* Base */,
			);
			name = LaunchScreen.xib;
			sourceTree = "<group>";
		};
/* End PBXVariantGroup section */

/* Begin XCBuildConfiguration section */
		801FD0091AABDF9B0097C354 /* Debug */ = {
			isa = XCBuildConfiguration;
			buildSettings = {
				ALWAYS_SEARCH_USER_PATHS = NO;
				CLANG_CXX_LANGUAGE_STANDARD = "gnu++0x";
				CLANG_CXX_LIBRARY = "libc++";
				CLANG_ENABLE_MODULES = YES;
				CLANG_ENABLE_OBJC_ARC = YES;
				CLANG_WARN_BOOL_CONVERSION = YES;
				CLANG_WARN_CONSTANT_CONVERSION = YES;
				CLANG_WARN_DIRECT_OBJC_ISA_USAGE = YES_ERROR;
				CLANG_WARN_EMPTY_BODY = YES;
				CLANG_WARN_ENUM_CONVERSION = YES;
				CLANG_WARN_INT_CONVERSION = YES;
				CLANG_WARN_OBJC_ROOT_CLASS = YES_ERROR;
				CLANG_WARN_UNREACHABLE_CODE = YES;
				CLANG_WARN__DUPLICATE_METHOD_MATCH = YES;
				"CODE_SIGN_IDENTITY[sdk=iphoneos*]" = "iPhone Developer";
				COPY_PHASE_STRIP = NO;
				DEBUG_INFORMATION_FORMAT = dwarf;
				ENABLE_STRICT_OBJC_MSGSEND = YES;
				GCC_C_LANGUAGE_STANDARD = gnu99;
				GCC_DYNAMIC_NO_PIC = NO;
				GCC_NO_COMMON_BLOCKS = YES;
				GCC_OPTIMIZATION_LEVEL = 0;
				GCC_PREPROCESSOR_DEFINITIONS = (
					"DEBUG=1",
					"$(inherited)",
				);
				GCC_SYMBOLS_PRIVATE_EXTERN = NO;
				GCC_WARN_64_TO_32_BIT_CONVERSION = YES;
				GCC_WARN_ABOUT_RETURN_TYPE = YES_ERROR;
				GCC_WARN_UNDECLARED_SELECTOR = YES;
				GCC_WARN_UNINITIALIZED_AUTOS = YES_AGGRESSIVE;
				GCC_WARN_UNUSED_FUNCTION = YES;
				GCC_WARN_UNUSED_VARIABLE = YES;
				IPHONEOS_DEPLOYMENT_TARGET = 8.3;
				MTL_ENABLE_DEBUG_INFO = YES;
				ONLY_ACTIVE_ARCH = YES;
				SDKROOT = iphoneos;
				SWIFT_OPTIMIZATION_LEVEL = "-Onone";
			};
			name = Debug;
		};
		801FD00A1AABDF9B0097C354 /* Release */ = {
			isa = XCBuildConfiguration;
			buildSettings = {
				ALWAYS_SEARCH_USER_PATHS = NO;
				CLANG_CXX_LANGUAGE_STANDARD = "gnu++0x";
				CLANG_CXX_LIBRARY = "libc++";
				CLANG_ENABLE_MODULES = YES;
				CLANG_ENABLE_OBJC_ARC = YES;
				CLANG_WARN_BOOL_CONVERSION = YES;
				CLANG_WARN_CONSTANT_CONVERSION = YES;
				CLANG_WARN_DIRECT_OBJC_ISA_USAGE = YES_ERROR;
				CLANG_WARN_EMPTY_BODY = YES;
				CLANG_WARN_ENUM_CONVERSION = YES;
				CLANG_WARN_INT_CONVERSION = YES;
				CLANG_WARN_OBJC_ROOT_CLASS = YES_ERROR;
				CLANG_WARN_UNREACHABLE_CODE = YES;
				CLANG_WARN__DUPLICATE_METHOD_MATCH = YES;
				"CODE_SIGN_IDENTITY[sdk=iphoneos*]" = "iPhone Developer";
				COPY_PHASE_STRIP = NO;
				DEBUG_INFORMATION_FORMAT = "dwarf-with-dsym";
				ENABLE_NS_ASSERTIONS = NO;
				ENABLE_STRICT_OBJC_MSGSEND = YES;
				GCC_C_LANGUAGE_STANDARD = gnu99;
				GCC_NO_COMMON_BLOCKS = YES;
				GCC_WARN_64_TO_32_BIT_CONVERSION = YES;
				GCC_WARN_ABOUT_RETURN_TYPE = YES_ERROR;
				GCC_WARN_UNDECLARED_SELECTOR = YES;
				GCC_WARN_UNINITIALIZED_AUTOS = YES_AGGRESSIVE;
				GCC_WARN_UNUSED_FUNCTION = YES;
				GCC_WARN_UNUSED_VARIABLE = YES;
				IPHONEOS_DEPLOYMENT_TARGET = 8.3;
				MTL_ENABLE_DEBUG_INFO = NO;
				SDKROOT = iphoneos;
				VALIDATE_PRODUCT = YES;
			};
			name = Release;
		};
		801FD00C1AABDF9B0097C354 /* Debug */ = {
			isa = XCBuildConfiguration;
			buildSettings = {
				ASSETCATALOG_COMPILER_APPICON_NAME = AppIcon;
				INFOPLIST_FILE = "图标创建2/Info.plist";
				LD_RUNPATH_SEARCH_PATHS = "$(inherited) @executable_path/Frameworks";
				PRODUCT_NAME = "$(TARGET_NAME)";
			};
			name = Debug;
		};
		801FD00D1AABDF9B0097C354 /* Release */ = {
			isa = XCBuildConfiguration;
			buildSettings = {
				ASSETCATALOG_COMPILER_APPICON_NAME = AppIcon;
				INFOPLIST_FILE = "图标创建2/Info.plist";
				LD_RUNPATH_SEARCH_PATHS = "$(inherited) @executable_path/Frameworks";
				PRODUCT_NAME = "$(TARGET_NAME)";
			};
			name = Release;
		};
		801FD00F1AABDF9B0097C354 /* Debug */ = {
			isa = XCBuildConfiguration;
			buildSettings = {
				BUNDLE_LOADER = "$(TEST_HOST)";
				FRAMEWORK_SEARCH_PATHS = (
					"$(SDKROOT)/Developer/Library/Frameworks",
					"$(inherited)",
				);
				GCC_PREPROCESSOR_DEFINITIONS = (
					"DEBUG=1",
					"$(inherited)",
				);
				INFOPLIST_FILE = "图标创建2Tests/Info.plist";
				LD_RUNPATH_SEARCH_PATHS = "$(inherited) @executable_path/Frameworks @loader_path/Frameworks";
				PRODUCT_NAME = "$(TARGET_NAME)";
				TEST_HOST = "$(BUILT_PRODUCTS_DIR)/图标创建2.app/图标创建2";
			};
			name = Debug;
		};
		801FD0101AABDF9B0097C354 /* Release */ = {
			isa = XCBuildConfiguration;
			buildSettings = {
				BUNDLE_LOADER = "$(TEST_HOST)";
				FRAMEWORK_SEARCH_PATHS = (
					"$(SDKROOT)/Developer/Library/Frameworks",
					"$(inherited)",
				);
				INFOPLIST_FILE = "图标创建2Tests/Info.plist";
				LD_RUNPATH_SEARCH_PATHS = "$(inherited) @executable_path/Frameworks @loader_path/Frameworks";
				PRODUCT_NAME = "$(TARGET_NAME)";
				TEST_HOST = "$(BUILT_PRODUCTS_DIR)/图标创建2.app/图标创建2";
			};
			name = Release;
		};
/* End XCBuildConfiguration section */

/* Begin XCConfigurationList section */
		801FCFE41AABDF9A0097C354 /* Build configuration list for PBXProject "图标创建2" */ = {
			isa = XCConfigurationList;
			buildConfigurations = (
				801FD0091AABDF9B0097C354 /* Debug */,
				801FD00A1AABDF9B0097C354 /* Release */,
			);
			defaultConfigurationIsVisible = 0;
			defaultConfigurationName = Release;
		};
		801FD00B1AABDF9B0097C354 /* Build configuration list for PBXNativeTarget "图标创建2" */ = {
			isa = XCConfigurationList;
			buildConfigurations = (
				801FD00C1AABDF9B0097C354 /* Debug */,
				801FD00D1AABDF9B0097C354 /* Release */,
			);
			defaultConfigurationIsVisible = 0;
		};
		801FD00E1AABDF9B0097C354 /* Build configuration list for PBXNativeTarget "图标创建2Tests" */ = {
			isa = XCConfigurationList;
			buildConfigurations = (
				801FD00F1AABDF9B0097C354 /* Debug */,
				801FD0101AABDF9B0097C354 /* Release */,
			);
			defaultConfigurationIsVisible = 0;
		};
/* End XCConfigurationList section */

/* Begin XCVersionGroup section */
		801FCFF01AABDF9A0097C354 /* ____2.xcdatamodeld */ = {
			isa = XCVersionGroup;
			children = (
				801FCFF11AABDF9A0097C354 /* ____2.xcdatamodel */,
			);
			currentVersion = 801FCFF11AABDF9A0097C354 /* ____2.xcdatamodel */;
			path = "____2.xcdatamodeld";
			sourceTree = "<group>";
			versionGroupType = wrapper.xcdatamodel;
		};
/* End XCVersionGroup section */
	};
	rootObject = 801FCFE11AABDF9A0097C354 /* Project object */;
}
