// !$*UTF8*$!
{
	archiveVersion = 1;
	classes = {
	};
	objectVersion = 46;
	objects = {

/* Begin PBXBuildFile section */
		80DDE2551AE0CE88008B7BF3 /* AppDelegate.swift in Sources */ = {isa = PBXBuildFile; fileRef = 80DDE2541AE0CE88008B7BF3 /* AppDelegate.swift */; };
		80DDE2581AE0CE88008B7BF3 /* ____01.xcdatamodeld in Sources */ = {isa = PBXBuildFile; fileRef = 80DDE2561AE0CE88008B7BF3 /* ____01.xcdatamodeld */; };
		80DDE25A1AE0CE88008B7BF3 /* ViewController.swift in Sources */ = {isa = PBXBuildFile; fileRef = 80DDE2591AE0CE88008B7BF3 /* ViewController.swift */; };
		80DDE25D1AE0CE88008B7BF3 /* Main.storyboard in Resources */ = {isa = PBXBuildFile; fileRef = 80DDE25B1AE0CE88008B7BF3 /* Main.storyboard */; };
		80DDE25F1AE0CE88008B7BF3 /* Images.xcassets in Resources */ = {isa = PBXBuildFile; fileRef = 80DDE25E1AE0CE88008B7BF3 /* Images.xcassets */; };
		80DDE2621AE0CE88008B7BF3 /* LaunchScreen.xib in Resources */ = {isa = PBXBuildFile; fileRef = 80DDE2601AE0CE88008B7BF3 /* LaunchScreen.xib */; };
		80DDE26E1AE0CE89008B7BF3 /* ____01Tests.swift in Sources */ = {isa = PBXBuildFile; fileRef = 80DDE26D1AE0CE89008B7BF3 /* ____01Tests.swift */; };
/* End PBXBuildFile section */

/* Begin PBXContainerItemProxy section */
		80DDE2681AE0CE89008B7BF3 /* PBXContainerItemProxy */ = {
			isa = PBXContainerItemProxy;
			containerPortal = 80DDE2471AE0CE88008B7BF3 /* Project object */;
			proxyType = 1;
			remoteGlobalIDString = 80DDE24E1AE0CE88008B7BF3;
			remoteInfo = "网络编程01";
		};
/* End PBXContainerItemProxy section */

/* Begin PBXFileReference section */
		80DDE24F1AE0CE88008B7BF3 /* 网络编程01.app */ = {isa = PBXFileReference; explicitFileType = wrapper.application; includeInIndex = 0; path = "网络编程01.app"; sourceTree = BUILT_PRODUCTS_DIR; };
		80DDE2531AE0CE88008B7BF3 /* Info.plist */ = {isa = PBXFileReference; lastKnownFileType = text.plist.xml; path = Info.plist; sourceTree = "<group>"; };
		80DDE2541AE0CE88008B7BF3 /* AppDelegate.swift */ = {isa = PBXFileReference; lastKnownFileType = sourcecode.swift; path = AppDelegate.swift; sourceTree = "<group>"; };
		80DDE2571AE0CE88008B7BF3 /* ____01.xcdatamodel */ = {isa = PBXFileReference; lastKnownFileType = wrapper.xcdatamodel; path = "____01.xcdatamodel"; sourceTree = "<group>"; };
		80DDE2591AE0CE88008B7BF3 /* ViewController.swift */ = {isa = PBXFileReference; lastKnownFileType = sourcecode.swift; path = ViewController.swift; sourceTree = "<group>"; };
		80DDE25C1AE0CE88008B7BF3 /* Base */ = {isa = PBXFileReference; lastKnownFileType = file.storyboard; name = Base; path = Base.lproj/Main.storyboard; sourceTree = "<group>"; };
		80DDE25E1AE0CE88008B7BF3 /* Images.xcassets */ = {isa = PBXFileReference; lastKnownFileType = folder.assetcatalog; path = Images.xcassets; sourceTree = "<group>"; };
		80DDE2611AE0CE88008B7BF3 /* Base */ = {isa = PBXFileReference; lastKnownFileType = file.xib; name = Base; path = Base.lproj/LaunchScreen.xib; sourceTree = "<group>"; };
		80DDE2671AE0CE89008B7BF3 /* 网络编程01Tests.xctest */ = {isa = PBXFileReference; explicitFileType = wrapper.cfbundle; includeInIndex = 0; path = "网络编程01Tests.xctest"; sourceTree = BUILT_PRODUCTS_DIR; };
		80DDE26C1AE0CE89008B7BF3 /* Info.plist */ = {isa = PBXFileReference; lastKnownFileType = text.plist.xml; path = Info.plist; sourceTree = "<group>"; };
		80DDE26D1AE0CE89008B7BF3 /* ____01Tests.swift */ = {isa = PBXFileReference; lastKnownFileType = sourcecode.swift; path = "____01Tests.swift"; sourceTree = "<group>"; };
/* End PBXFileReference section */

/* Begin PBXFrameworksBuildPhase section */
		80DDE24C1AE0CE88008B7BF3 /* Frameworks */ = {
			isa = PBXFrameworksBuildPhase;
			buildActionMask = 2147483647;
			files = (
			);
			runOnlyForDeploymentPostprocessing = 0;
		};
		80DDE2641AE0CE89008B7BF3 /* Frameworks */ = {
			isa = PBXFrameworksBuildPhase;
			buildActionMask = 2147483647;
			files = (
			);
			runOnlyForDeploymentPostprocessing = 0;
		};
/* End PBXFrameworksBuildPhase section */

/* Begin PBXGroup section */
		80DDE2461AE0CE88008B7BF3 = {
			isa = PBXGroup;
			children = (
				80DDE2511AE0CE88008B7BF3 /* 网络编程01 */,
				80DDE26A1AE0CE89008B7BF3 /* 网络编程01Tests */,
				80DDE2501AE0CE88008B7BF3 /* Products */,
			);
			sourceTree = "<group>";
		};
		80DDE2501AE0CE88008B7BF3 /* Products */ = {
			isa = PBXGroup;
			children = (
				80DDE24F1AE0CE88008B7BF3 /* 网络编程01.app */,
				80DDE2671AE0CE89008B7BF3 /* 网络编程01Tests.xctest */,
			);
			name = Products;
			sourceTree = "<group>";
		};
		80DDE2511AE0CE88008B7BF3 /* 网络编程01 */ = {
			isa = PBXGroup;
			children = (
				80DDE2541AE0CE88008B7BF3 /* AppDelegate.swift */,
				80DDE2591AE0CE88008B7BF3 /* ViewController.swift */,
				80DDE25B1AE0CE88008B7BF3 /* Main.storyboard */,
				80DDE25E1AE0CE88008B7BF3 /* Images.xcassets */,
				80DDE2601AE0CE88008B7BF3 /* LaunchScreen.xib */,
				80DDE2561AE0CE88008B7BF3 /* ____01.xcdatamodeld */,
				80DDE2521AE0CE88008B7BF3 /* Supporting Files */,
			);
			path = "网络编程01";
			sourceTree = "<group>";
		};
		80DDE2521AE0CE88008B7BF3 /* Supporting Files */ = {
			isa = PBXGroup;
			children = (
				80DDE2531AE0CE88008B7BF3 /* Info.plist */,
			);
			name = "Supporting Files";
			sourceTree = "<group>";
		};
		80DDE26A1AE0CE89008B7BF3 /* 网络编程01Tests */ = {
			isa = PBXGroup;
			children = (
				80DDE26D1AE0CE89008B7BF3 /* ____01Tests.swift */,
				80DDE26B1AE0CE89008B7BF3 /* Supporting Files */,
			);
			path = "网络编程01Tests";
			sourceTree = "<group>";
		};
		80DDE26B1AE0CE89008B7BF3 /* Supporting Files */ = {
			isa = PBXGroup;
			children = (
				80DDE26C1AE0CE89008B7BF3 /* Info.plist */,
			);
			name = "Supporting Files";
			sourceTree = "<group>";
		};
/* End PBXGroup section */

/* Begin PBXNativeTarget section */
		80DDE24E1AE0CE88008B7BF3 /* 网络编程01 */ = {
			isa = PBXNativeTarget;
			buildConfigurationList = 80DDE2711AE0CE89008B7BF3 /* Build configuration list for PBXNativeTarget "网络编程01" */;
			buildPhases = (
				80DDE24B1AE0CE88008B7BF3 /* Sources */,
				80DDE24C1AE0CE88008B7BF3 /* Frameworks */,
				80DDE24D1AE0CE88008B7BF3 /* Resources */,
			);
			buildRules = (
			);
			dependencies = (
			);
			name = "网络编程01";
			productName = "网络编程01";
			productReference = 80DDE24F1AE0CE88008B7BF3 /* 网络编程01.app */;
			productType = "com.apple.product-type.application";
		};
		80DDE2661AE0CE89008B7BF3 /* 网络编程01Tests */ = {
			isa = PBXNativeTarget;
			buildConfigurationList = 80DDE2741AE0CE89008B7BF3 /* Build configuration list for PBXNativeTarget "网络编程01Tests" */;
			buildPhases = (
				80DDE2631AE0CE89008B7BF3 /* Sources */,
				80DDE2641AE0CE89008B7BF3 /* Frameworks */,
				80DDE2651AE0CE89008B7BF3 /* Resources */,
			);
			buildRules = (
			);
			dependencies = (
				80DDE2691AE0CE89008B7BF3 /* PBXTargetDependency */,
			);
			name = "网络编程01Tests";
			productName = "网络编程01Tests";
			productReference = 80DDE2671AE0CE89008B7BF3 /* 网络编程01Tests.xctest */;
			productType = "com.apple.product-type.bundle.unit-test";
		};
/* End PBXNativeTarget section */

/* Begin PBXProject section */
		80DDE2471AE0CE88008B7BF3 /* Project object */ = {
			isa = PBXProject;
			attributes = {
				LastUpgradeCheck = 0630;
				ORGANIZATIONNAME = goofygao;
				TargetAttributes = {
					80DDE24E1AE0CE88008B7BF3 = {
						CreatedOnToolsVersion = 6.3;
					};
					80DDE2661AE0CE89008B7BF3 = {
						CreatedOnToolsVersion = 6.3;
						TestTargetID = 80DDE24E1AE0CE88008B7BF3;
					};
				};
			};
			buildConfigurationList = 80DDE24A1AE0CE88008B7BF3 /* Build configuration list for PBXProject "网络编程01" */;
			compatibilityVersion = "Xcode 3.2";
			developmentRegion = English;
			hasScannedForEncodings = 0;
			knownRegions = (
				en,
				Base,
			);
			mainGroup = 80DDE2461AE0CE88008B7BF3;
			productRefGroup = 80DDE2501AE0CE88008B7BF3 /* Products */;
			projectDirPath = "";
			projectRoot = "";
			targets = (
				80DDE24E1AE0CE88008B7BF3 /* 网络编程01 */,
				80DDE2661AE0CE89008B7BF3 /* 网络编程01Tests */,
			);
		};
/* End PBXProject section */

/* Begin PBXResourcesBuildPhase section */
		80DDE24D1AE0CE88008B7BF3 /* Resources */ = {
			isa = PBXResourcesBuildPhase;
			buildActionMask = 2147483647;
			files = (
				80DDE25D1AE0CE88008B7BF3 /* Main.storyboard in Resources */,
				80DDE2621AE0CE88008B7BF3 /* LaunchScreen.xib in Resources */,
				80DDE25F1AE0CE88008B7BF3 /* Images.xcassets in Resources */,
			);
			runOnlyForDeploymentPostprocessing = 0;
		};
		80DDE2651AE0CE89008B7BF3 /* Resources */ = {
			isa = PBXResourcesBuildPhase;
			buildActionMask = 2147483647;
			files = (
			);
			runOnlyForDeploymentPostprocessing = 0;
		};
/* End PBXResourcesBuildPhase section */

/* Begin PBXSourcesBuildPhase section */
		80DDE24B1AE0CE88008B7BF3 /* Sources */ = {
			isa = PBXSourcesBuildPhase;
			buildActionMask = 2147483647;
			files = (
				80DDE25A1AE0CE88008B7BF3 /* ViewController.swift in Sources */,
				80DDE2581AE0CE88008B7BF3 /* ____01.xcdatamodeld in Sources */,
				80DDE2551AE0CE88008B7BF3 /* AppDelegate.swift in Sources */,
			);
			runOnlyForDeploymentPostprocessing = 0;
		};
		80DDE2631AE0CE89008B7BF3 /* Sources */ = {
			isa = PBXSourcesBuildPhase;
			buildActionMask = 2147483647;
			files = (
				80DDE26E1AE0CE89008B7BF3 /* ____01Tests.swift in Sources */,
			);
			runOnlyForDeploymentPostprocessing = 0;
		};
/* End PBXSourcesBuildPhase section */

/* Begin PBXTargetDependency section */
		80DDE2691AE0CE89008B7BF3 /* PBXTargetDependency */ = {
			isa = PBXTargetDependency;
			target = 80DDE24E1AE0CE88008B7BF3 /* 网络编程01 */;
			targetProxy = 80DDE2681AE0CE89008B7BF3 /* PBXContainerItemProxy */;
		};
/* End PBXTargetDependency section */

/* Begin PBXVariantGroup section */
		80DDE25B1AE0CE88008B7BF3 /* Main.storyboard */ = {
			isa = PBXVariantGroup;
			children = (
				80DDE25C1AE0CE88008B7BF3 /* Base */,
			);
			name = Main.storyboard;
			sourceTree = "<group>";
		};
		80DDE2601AE0CE88008B7BF3 /* LaunchScreen.xib */ = {
			isa = PBXVariantGroup;
			children = (
				80DDE2611AE0CE88008B7BF3 /* Base */,
			);
			name = LaunchScreen.xib;
			sourceTree = "<group>";
		};
/* End PBXVariantGroup section */

/* Begin XCBuildConfiguration section */
		80DDE26F1AE0CE89008B7BF3 /* Debug */ = {
			isa = XCBuildConfiguration;
			buildSettings = {
				ALWAYS_SEARCH_USER_PATHS = NO;
				CLANG_CXX_LANGUAGE_STANDARD = "gnu++0x";
				CLANG_CXX_LIBRARY = "libc++";
				CLANG_ENABLE_MODULES = YES;
				CLANG_ENABLE_OBJC_ARC = YES;
				CLANG_WARN_BOOL_CONVERSION = YES;
				CLANG_WARN_CONSTANT_CONVERSION = YES;
				CLANG_WARN_DIRECT_OBJC_ISA_USAGE = YES_ERROR;
				CLANG_WARN_EMPTY_BODY = YES;
				CLANG_WARN_ENUM_CONVERSION = YES;
				CLANG_WARN_INT_CONVERSION = YES;
				CLANG_WARN_OBJC_ROOT_CLASS = YES_ERROR;
				CLANG_WARN_UNREACHABLE_CODE = YES;
				CLANG_WARN__DUPLICATE_METHOD_MATCH = YES;
				"CODE_SIGN_IDENTITY[sdk=iphoneos*]" = "iPhone Developer";
				COPY_PHASE_STRIP = NO;
				DEBUG_INFORMATION_FORMAT = "dwarf-with-dsym";
				ENABLE_STRICT_OBJC_MSGSEND = YES;
				GCC_C_LANGUAGE_STANDARD = gnu99;
				GCC_DYNAMIC_NO_PIC = NO;
				GCC_NO_COMMON_BLOCKS = YES;
				GCC_OPTIMIZATION_LEVEL = 0;
				GCC_PREPROCESSOR_DEFINITIONS = (
					"DEBUG=1",
					"$(inherited)",
				);
				GCC_SYMBOLS_PRIVATE_EXTERN = NO;
				GCC_WARN_64_TO_32_BIT_CONVERSION = YES;
				GCC_WARN_ABOUT_RETURN_TYPE = YES_ERROR;
				GCC_WARN_UNDECLARED_SELECTOR = YES;
				GCC_WARN_UNINITIALIZED_AUTOS = YES_AGGRESSIVE;
				GCC_WARN_UNUSED_FUNCTION = YES;
				GCC_WARN_UNUSED_VARIABLE = YES;
				IPHONEOS_DEPLOYMENT_TARGET = 8.3;
				MTL_ENABLE_DEBUG_INFO = YES;
				ONLY_ACTIVE_ARCH = YES;
				SDKROOT = iphoneos;
				SWIFT_OPTIMIZATION_LEVEL = "-Onone";
			};
			name = Debug;
		};
		80DDE2701AE0CE89008B7BF3 /* Release */ = {
			isa = XCBuildConfiguration;
			buildSettings = {
				ALWAYS_SEARCH_USER_PATHS = NO;
				CLANG_CXX_LANGUAGE_STANDARD = "gnu++0x";
				CLANG_CXX_LIBRARY = "libc++";
				CLANG_ENABLE_MODULES = YES;
				CLANG_ENABLE_OBJC_ARC = YES;
				CLANG_WARN_BOOL_CONVERSION = YES;
				CLANG_WARN_CONSTANT_CONVERSION = YES;
				CLANG_WARN_DIRECT_OBJC_ISA_USAGE = YES_ERROR;
				CLANG_WARN_EMPTY_BODY = YES;
				CLANG_WARN_ENUM_CONVERSION = YES;
				CLANG_WARN_INT_CONVERSION = YES;
				CLANG_WARN_OBJC_ROOT_CLASS = YES_ERROR;
				CLANG_WARN_UNREACHABLE_CODE = YES;
				CLANG_WARN__DUPLICATE_METHOD_MATCH = YES;
				"CODE_SIGN_IDENTITY[sdk=iphoneos*]" = "iPhone Developer";
				COPY_PHASE_STRIP = NO;
				DEBUG_INFORMATION_FORMAT = "dwarf-with-dsym";
				ENABLE_NS_ASSERTIONS = NO;
				ENABLE_STRICT_OBJC_MSGSEND = YES;
				GCC_C_LANGUAGE_STANDARD = gnu99;
				GCC_NO_COMMON_BLOCKS = YES;
				GCC_WARN_64_TO_32_BIT_CONVERSION = YES;
				GCC_WARN_ABOUT_RETURN_TYPE = YES_ERROR;
				GCC_WARN_UNDECLARED_SELECTOR = YES;
				GCC_WARN_UNINITIALIZED_AUTOS = YES_AGGRESSIVE;
				GCC_WARN_UNUSED_FUNCTION = YES;
				GCC_WARN_UNUSED_VARIABLE = YES;
				IPHONEOS_DEPLOYMENT_TARGET = 8.3;
				MTL_ENABLE_DEBUG_INFO = NO;
				SDKROOT = iphoneos;
				VALIDATE_PRODUCT = YES;
			};
			name = Release;
		};
		80DDE2721AE0CE89008B7BF3 /* Debug */ = {
			isa = XCBuildConfiguration;
			buildSettings = {
				ASSETCATALOG_COMPILER_APPICON_NAME = AppIcon;
				INFOPLIST_FILE = "网络编程01/Info.plist";
				LD_RUNPATH_SEARCH_PATHS = "$(inherited) @executable_path/Frameworks";
				PRODUCT_NAME = "$(TARGET_NAME)";
			};
			name = Debug;
		};
		80DDE2731AE0CE89008B7BF3 /* Release */ = {
			isa = XCBuildConfiguration;
			buildSettings = {
				ASSETCATALOG_COMPILER_APPICON_NAME = AppIcon;
				INFOPLIST_FILE = "网络编程01/Info.plist";
				LD_RUNPATH_SEARCH_PATHS = "$(inherited) @executable_path/Frameworks";
				PRODUCT_NAME = "$(TARGET_NAME)";
			};
			name = Release;
		};
		80DDE2751AE0CE89008B7BF3 /* Debug */ = {
			isa = XCBuildConfiguration;
			buildSettings = {
				BUNDLE_LOADER = "$(TEST_HOST)";
				FRAMEWORK_SEARCH_PATHS = (
					"$(SDKROOT)/Developer/Library/Frameworks",
					"$(inherited)",
				);
				GCC_PREPROCESSOR_DEFINITIONS = (
					"DEBUG=1",
					"$(inherited)",
				);
				INFOPLIST_FILE = "网络编程01Tests/Info.plist";
				LD_RUNPATH_SEARCH_PATHS = "$(inherited) @executable_path/Frameworks @loader_path/Frameworks";
				PRODUCT_NAME = "$(TARGET_NAME)";
				TEST_HOST = "$(BUILT_PRODUCTS_DIR)/网络编程01.app/网络编程01";
			};
			name = Debug;
		};
		80DDE2761AE0CE89008B7BF3 /* Release */ = {
			isa = XCBuildConfiguration;
			buildSettings = {
				BUNDLE_LOADER = "$(TEST_HOST)";
				FRAMEWORK_SEARCH_PATHS = (
					"$(SDKROOT)/Developer/Library/Frameworks",
					"$(inherited)",
				);
				INFOPLIST_FILE = "网络编程01Tests/Info.plist";
				LD_RUNPATH_SEARCH_PATHS = "$(inherited) @executable_path/Frameworks @loader_path/Frameworks";
				PRODUCT_NAME = "$(TARGET_NAME)";
				TEST_HOST = "$(BUILT_PRODUCTS_DIR)/网络编程01.app/网络编程01";
			};
			name = Release;
		};
/* End XCBuildConfiguration section */

/* Begin XCConfigurationList section */
		80DDE24A1AE0CE88008B7BF3 /* Build configuration list for PBXProject "网络编程01" */ = {
			isa = XCConfigurationList;
			buildConfigurations = (
				80DDE26F1AE0CE89008B7BF3 /* Debug */,
				80DDE2701AE0CE89008B7BF3 /* Release */,
			);
			defaultConfigurationIsVisible = 0;
			defaultConfigurationName = Release;
		};
		80DDE2711AE0CE89008B7BF3 /* Build configuration list for PBXNativeTarget "网络编程01" */ = {
			isa = XCConfigurationList;
			buildConfigurations = (
				80DDE2721AE0CE89008B7BF3 /* Debug */,
				80DDE2731AE0CE89008B7BF3 /* Release */,
			);
			defaultConfigurationIsVisible = 0;
		};
		80DDE2741AE0CE89008B7BF3 /* Build configuration list for PBXNativeTarget "网络编程01Tests" */ = {
			isa = XCConfigurationList;
			buildConfigurations = (
				80DDE2751AE0CE89008B7BF3 /* Debug */,
				80DDE2761AE0CE89008B7BF3 /* Release */,
			);
			defaultConfigurationIsVisible = 0;
		};
/* End XCConfigurationList section */

/* Begin XCVersionGroup section */
		80DDE2561AE0CE88008B7BF3 /* ____01.xcdatamodeld */ = {
			isa = XCVersionGroup;
			children = (
				80DDE2571AE0CE88008B7BF3 /* ____01.xcdatamodel */,
			);
			currentVersion = 80DDE2571AE0CE88008B7BF3 /* ____01.xcdatamodel */;
			path = "____01.xcdatamodeld";
			sourceTree = "<group>";
			versionGroupType = wrapper.xcdatamodel;
		};
/* End XCVersionGroup section */
	};
	rootObject = 80DDE2471AE0CE88008B7BF3 /* Project object */;
}
